Microsoft Visual Studio Solution File, Format Version 9.00
# Visual Studio 2005
Project("{8BC9CEB8-8B4A-11D0-8D11-00A0C91BC942}") = "insertline", "insertline80.vcproj", "{DDD89B87-0C9A-4280-A1C2-E0296E4D9FBF}"
EndProject
Global
	GlobalSection(SolutionConfigurationPlatforms) = preSolution
		Debug|Win32 = Debug|Win32
		Release|Win32 = Release|Win32
	EndGlobalSection
	GlobalSection(ProjectConfigurationPlatforms) = postSolution
		{DDD89B87-0C9A-4280-A1C2-E0296E4D9FBF}.Debug|Win32.ActiveCfg = Debug|Win32
		{DDD89B87-0C9A-4280-A1C2-E0296E4D9FBF}.Debug|Win32.Build.0 = Debug|Win32
		{DDD89B87-0C9A-4280-A1C2-E0296E4D9FBF}.Release|Win32.ActiveCfg = Release|Win32
		{DDD89B87-0C9A-4280-A1C2-E0296E4D9FBF}.Release|Win32.Build.0 = Release|Win32
	EndGlobalSection
	GlobalSection(SolutionProperties) = preSolution
		HideSolutionNode = FALSE
	EndGlobalSection
EndGlobal
