
Microsoft Visual Studio Solution File, Format Version 9.00
# Visual Studio 2005
Project("{8BC9CEB8-8B4A-11D0-8D11-00A0C91BC942}") = "BetaPatchClient", "BetaPatchClient80.vcproj", "{24E61667-B889-4F75-9921-479C36327B7F}"
EndProject
Global
	GlobalSection(SolutionConfigurationPlatforms) = preSolution
		__JAPAN (Debug)|Win32 = __JAPAN (Debug)|Win32
		__JAPAN (Release)|Win32 = __JAPAN (Release)|Win32
		__JAPAN_NEW_TEST (Debug)|Win32 = __JAPAN_NEW_TEST (Debug)|Win32
		__JAPAN_NEW_TEST (Release)|Win32 = __JAPAN_NEW_TEST (Release)|Win32
		__LANG_ENG_ID_MAIN (Debug)|Win32 = __LANG_ENG_ID_MAIN (Debug)|Win32
		__LANG_ENG_ID_MAIN (Release)|Win32 = __LANG_ENG_ID_MAIN (Release)|Win32
		__LANG_ENG_ID_TEST (Debug)|Win32 = __LANG_ENG_ID_TEST (Debug)|Win32
		__LANG_ENG_ID_TEST (Release)|Win32 = __LANG_ENG_ID_TEST (Release)|Win32
		__LANG_ENG_ID_TEST2 (Debug)|Win32 = __LANG_ENG_ID_TEST2 (Debug)|Win32
		__LANG_ENG_ID_TEST2 (Release)|Win32 = __LANG_ENG_ID_TEST2 (Release)|Win32
		__LANG_ENG_PHP (Debug)|Win32 = __LANG_ENG_PHP (Debug)|Win32
		__LANG_ENG_PHP (Release)|Win32 = __LANG_ENG_PHP (Release)|Win32
		__LANG_ENG_PHPTEST (Debug)|Win32 = __LANG_ENG_PHPTEST (Debug)|Win32
		__LANG_ENG_PHPTEST (Release)|Win32 = __LANG_ENG_PHPTEST (Release)|Win32
		__LANG_ENG_USA (Debug)|Win32 = __LANG_ENG_USA (Debug)|Win32
		__LANG_ENG_USA (Release)|Win32 = __LANG_ENG_USA (Release)|Win32
		__LANG_ENG_USATEST (Debug)|Win32 = __LANG_ENG_USATEST (Debug)|Win32
		__LANG_ENG_USATEST (Release)|Win32 = __LANG_ENG_USATEST (Release)|Win32
		__LANG_ENG_USATEST_EXTERNAL (Debug)|Win32 = __LANG_ENG_USATEST_EXTERNAL (Debug)|Win32
		__LANG_ENG_USATEST_EXTERNAL (Release)|Win32 = __LANG_ENG_USATEST_EXTERNAL (Release)|Win32
		__LANG_FRA_FRA (Debug)|Win32 = __LANG_FRA_FRA (Debug)|Win32
		__LANG_FRA_FRA (Release)|Win32 = __LANG_FRA_FRA (Release)|Win32
		__LANG_FRA_TEST (Debug)|Win32 = __LANG_FRA_TEST (Debug)|Win32
		__LANG_FRA_TEST (Release)|Win32 = __LANG_FRA_TEST (Release)|Win32
		__LANG_FWC_BRAZIL (Debug)|Win32 = __LANG_FWC_BRAZIL (Debug)|Win32
		__LANG_FWC_BRAZIL (Release)|Win32 = __LANG_FWC_BRAZIL (Release)|Win32
		__LANG_FWC_CHILE_SPANISH (Debug)|Win32 = __LANG_FWC_CHILE_SPANISH (Debug)|Win32
		__LANG_FWC_CHILE_SPANISH (Release)|Win32 = __LANG_FWC_CHILE_SPANISH (Release)|Win32
		__LANG_FWC_EUROPE (Debug)|Win32 = __LANG_FWC_EUROPE (Debug)|Win32
		__LANG_FWC_EUROPE (Release)|Win32 = __LANG_FWC_EUROPE (Release)|Win32
		__LANG_FWC_INDONESIA (Debug)|Win32 = __LANG_FWC_INDONESIA (Debug)|Win32
		__LANG_FWC_INDONESIA (Release)|Win32 = __LANG_FWC_INDONESIA (Release)|Win32
		__LANG_FWC_JAPAN (Debug)|Win32 = __LANG_FWC_JAPAN (Debug)|Win32
		__LANG_FWC_JAPAN (Release)|Win32 = __LANG_FWC_JAPAN (Release)|Win32
		__LANG_FWC_KOREA (Debug)|Win32 = __LANG_FWC_KOREA (Debug)|Win32
		__LANG_FWC_KOREA (Release)|Win32 = __LANG_FWC_KOREA (Release)|Win32
		__LANG_FWC_KOREA_LOCAL (Debug)|Win32 = __LANG_FWC_KOREA_LOCAL (Debug)|Win32
		__LANG_FWC_KOREA_LOCAL (Release)|Win32 = __LANG_FWC_KOREA_LOCAL (Release)|Win32
		__LANG_FWC_TAIWAN (Debug)|Win32 = __LANG_FWC_TAIWAN (Debug)|Win32
		__LANG_FWC_TAIWAN (Release)|Win32 = __LANG_FWC_TAIWAN (Release)|Win32
		__LANG_FWC_THAILAND (Debug)|Win32 = __LANG_FWC_THAILAND (Debug)|Win32
		__LANG_FWC_THAILAND (Release)|Win32 = __LANG_FWC_THAILAND (Release)|Win32
		__LANG_FWC_USA (Debug)|Win32 = __LANG_FWC_USA (Debug)|Win32
		__LANG_FWC_USA (Release)|Win32 = __LANG_FWC_USA (Release)|Win32
		__LANG_GER_MAIN (Debug)|Win32 = __LANG_GER_MAIN (Debug)|Win32
		__LANG_GER_MAIN (Release)|Win32 = __LANG_GER_MAIN (Release)|Win32
		__LANG_GER_TEST (Debug)|Win32 = __LANG_GER_TEST (Debug)|Win32
		__LANG_GER_TEST (Release)|Win32 = __LANG_GER_TEST (Release)|Win32
		__LANG_POR_BRA (Debug)|Win32 = __LANG_POR_BRA (Debug)|Win32
		__LANG_POR_BRA (Release)|Win32 = __LANG_POR_BRA (Release)|Win32
		__LANG_POR_BRATEST (Debug)|Win32 = __LANG_POR_BRATEST (Debug)|Win32
		__LANG_POR_BRATEST (Release)|Win32 = __LANG_POR_BRATEST (Release)|Win32
		__LANG_POR_BRATEST2 (Debug)|Win32 = __LANG_POR_BRATEST2 (Debug)|Win32
		__LANG_POR_BRATEST2 (Release)|Win32 = __LANG_POR_BRATEST2 (Release)|Win32
		__LANG_POR_BRATEST3 (Debug)|Win32 = __LANG_POR_BRATEST3 (Debug)|Win32
		__LANG_RUS_MAIN (Debug)|Win32 = __LANG_RUS_MAIN (Debug)|Win32
		__LANG_RUS_MAIN (Release)|Win32 = __LANG_RUS_MAIN (Release)|Win32
		__LANG_RUS_TEST (Debug)|Win32 = __LANG_RUS_TEST (Debug)|Win32
		__LANG_RUS_TEST (Release)|Win32 = __LANG_RUS_TEST (Release)|Win32
		__LANG_SPA_CHIL (Debug)|Win32 = __LANG_SPA_CHIL (Debug)|Win32
		__LANG_SPA_CHIL (Release)|Win32 = __LANG_SPA_CHIL (Release)|Win32
		__LANG_SPA_CHILTEST (Debug)|Win32 = __LANG_SPA_CHILTEST (Debug)|Win32
		__LANG_SPA_CHILTEST (Release)|Win32 = __LANG_SPA_CHILTEST (Release)|Win32
		__LANG_TAIWAN_HONGKONG (Debug)|Win32 = __LANG_TAIWAN_HONGKONG (Debug)|Win32
		__LANG_TAIWAN_HONGKONG (Release)|Win32 = __LANG_TAIWAN_HONGKONG (Release)|Win32
		__LANG_TAIWAN_HONGKONG_TEST (Debug)|Win32 = __LANG_TAIWAN_HONGKONG_TEST (Debug)|Win32
		__LANG_TAIWAN_HONGKONG_TEST (Release)|Win32 = __LANG_TAIWAN_HONGKONG_TEST (Release)|Win32
		__LANG_TAIWAN_MAIN (Debug)|Win32 = __LANG_TAIWAN_MAIN (Debug)|Win32
		__LANG_TAIWAN_MAIN (Release)|Win32 = __LANG_TAIWAN_MAIN (Release)|Win32
		__LANG_TAIWAN_MAIN_NEXT (Debug)|Win32 = __LANG_TAIWAN_MAIN_NEXT (Debug)|Win32
		__LANG_TAIWAN_MAIN_NEXT (Release)|Win32 = __LANG_TAIWAN_MAIN_NEXT (Release)|Win32
		__LANG_TAIWAN_TEST (Debug)|Win32 = __LANG_TAIWAN_TEST (Debug)|Win32
		__LANG_TAIWAN_TEST (Release)|Win32 = __LANG_TAIWAN_TEST (Release)|Win32
		__LANG_TAIWAN_TEST_NEXT (Debug)|Win32 = __LANG_TAIWAN_TEST_NEXT (Debug)|Win32
		__LANG_TAIWAN_TEST_NEXT (Release)|Win32 = __LANG_TAIWAN_TEST_NEXT (Release)|Win32
		__LANG_TAIWAN_TEST3 (Debug)|Win32 = __LANG_TAIWAN_TEST3 (Debug)|Win32
		__LANG_TAIWAN_TEST3 (Release)|Win32 = __LANG_TAIWAN_TEST3 (Release)|Win32
		__LANG_THAI_MAIN (Debug)|Win32 = __LANG_THAI_MAIN (Debug)|Win32
		__LANG_THAI_MAIN (Release)|Win32 = __LANG_THAI_MAIN (Release)|Win32
		__LANG_THAI_TEST (Debug)|Win32 = __LANG_THAI_TEST (Debug)|Win32
		__LANG_THAI_TEST (Release)|Win32 = __LANG_THAI_TEST (Release)|Win32
		__LANG_VTN_MAIN (Debug)|Win32 = __LANG_VTN_MAIN (Debug)|Win32
		__LANG_VTN_MAIN (Release)|Win32 = __LANG_VTN_MAIN (Release)|Win32
		__LANG_VTN_TEST (Debug)|Win32 = __LANG_VTN_TEST (Debug)|Win32
		__LANG_VTN_TEST (Release)|Win32 = __LANG_VTN_TEST (Release)|Win32
		__MAINSERVER (Debug)|Win32 = __MAINSERVER (Debug)|Win32
		__MAINSERVER (Release)|Win32 = __MAINSERVER (Release)|Win32
		__TESTSERVER_EXTERNAL (Debug)|Win32 = __TESTSERVER_EXTERNAL (Debug)|Win32
		__TESTSERVER_EXTERNAL (Release)|Win32 = __TESTSERVER_EXTERNAL (Release)|Win32
		__TESTSERVER_FOREIGN (Debug)|Win32 = __TESTSERVER_FOREIGN (Debug)|Win32
		__TESTSERVER_FOREIGN (Release)|Win32 = __TESTSERVER_FOREIGN (Release)|Win32
		__TESTSERVER_FOREIGN_17 (Debug)|Win32 = __TESTSERVER_FOREIGN_17 (Debug)|Win32
		__TESTSERVER_FOREIGN_17 (Release)|Win32 = __TESTSERVER_FOREIGN_17 (Release)|Win32
		__TESTSERVER_INTERNAL_CURR_VER (Debug)|Win32 = __TESTSERVER_INTERNAL_CURR_VER (Debug)|Win32
		__TESTSERVER_INTERNAL_CURR_VER (Release)|Win32 = __TESTSERVER_INTERNAL_CURR_VER (Release)|Win32
		__TESTSERVER_INTERNAL_NEXT_VER (Debug)|Win32 = __TESTSERVER_INTERNAL_NEXT_VER (Debug)|Win32
		__TESTSERVER_INTERNAL_NEXT_VER (Release)|Win32 = __TESTSERVER_INTERNAL_NEXT_VER (Release)|Win32
		__TESTSERVER_KOREA_16 (Debug)|Win32 = __TESTSERVER_KOREA_16 (Debug)|Win32
		__TESTSERVER_KOREA_16 (Release)|Win32 = __TESTSERVER_KOREA_16 (Release)|Win32
		Debug|Win32 = Debug|Win32
		Release|Win32 = Release|Win32
	EndGlobalSection
	GlobalSection(ProjectConfigurationPlatforms) = postSolution
		{24E61667-B889-4F75-9921-479C36327B7F}.__JAPAN (Debug)|Win32.ActiveCfg = __JAPAN (Debug)|Win32
		{24E61667-B889-4F75-9921-479C36327B7F}.__JAPAN (Debug)|Win32.Build.0 = __JAPAN (Debug)|Win32
		{24E61667-B889-4F75-9921-479C36327B7F}.__JAPAN (Release)|Win32.ActiveCfg = __JAPAN (Release)|Win32
		{24E61667-B889-4F75-9921-479C36327B7F}.__JAPAN (Release)|Win32.Build.0 = __JAPAN (Release)|Win32
		{24E61667-B889-4F75-9921-479C36327B7F}.__JAPAN_NEW_TEST (Debug)|Win32.ActiveCfg = __JAPAN_NEW_TEST (Debug)|Win32
		{24E61667-B889-4F75-9921-479C36327B7F}.__JAPAN_NEW_TEST (Debug)|Win32.Build.0 = __JAPAN_NEW_TEST (Debug)|Win32
		{24E61667-B889-4F75-9921-479C36327B7F}.__JAPAN_NEW_TEST (Release)|Win32.ActiveCfg = __JAPAN_NEW_TEST (Release)|Win32
		{24E61667-B889-4F75-9921-479C36327B7F}.__JAPAN_NEW_TEST (Release)|Win32.Build.0 = __JAPAN_NEW_TEST (Release)|Win32
		{24E61667-B889-4F75-9921-479C36327B7F}.__LANG_ENG_ID_MAIN (Debug)|Win32.ActiveCfg = __LANG_ENG_ID_MAIN (Debug)|Win32
		{24E61667-B889-4F75-9921-479C36327B7F}.__LANG_ENG_ID_MAIN (Debug)|Win32.Build.0 = __LANG_ENG_ID_MAIN (Debug)|Win32
		{24E61667-B889-4F75-9921-479C36327B7F}.__LANG_ENG_ID_MAIN (Release)|Win32.ActiveCfg = __LANG_ENG_ID_MAIN (Release)|Win32
		{24E61667-B889-4F75-9921-479C36327B7F}.__LANG_ENG_ID_MAIN (Release)|Win32.Build.0 = __LANG_ENG_ID_MAIN (Release)|Win32
		{24E61667-B889-4F75-9921-479C36327B7F}.__LANG_ENG_ID_TEST (Debug)|Win32.ActiveCfg = __LANG_ENG_ID_TEST (Debug)|Win32
		{24E61667-B889-4F75-9921-479C36327B7F}.__LANG_ENG_ID_TEST (Debug)|Win32.Build.0 = __LANG_ENG_ID_TEST (Debug)|Win32
		{24E61667-B889-4F75-9921-479C36327B7F}.__LANG_ENG_ID_TEST (Release)|Win32.ActiveCfg = __LANG_ENG_ID_TEST (Release)|Win32
		{24E61667-B889-4F75-9921-479C36327B7F}.__LANG_ENG_ID_TEST (Release)|Win32.Build.0 = __LANG_ENG_ID_TEST (Release)|Win32
		{24E61667-B889-4F75-9921-479C36327B7F}.__LANG_ENG_ID_TEST2 (Debug)|Win32.ActiveCfg = __LANG_ENG_ID_TEST2 (Debug)|Win32
		{24E61667-B889-4F75-9921-479C36327B7F}.__LANG_ENG_ID_TEST2 (Debug)|Win32.Build.0 = __LANG_ENG_ID_TEST2 (Debug)|Win32
		{24E61667-B889-4F75-9921-479C36327B7F}.__LANG_ENG_ID_TEST2 (Release)|Win32.ActiveCfg = __LANG_ENG_ID_TEST2 (Release)|Win32
		{24E61667-B889-4F75-9921-479C36327B7F}.__LANG_ENG_ID_TEST2 (Release)|Win32.Build.0 = __LANG_ENG_ID_TEST2 (Release)|Win32
		{24E61667-B889-4F75-9921-479C36327B7F}.__LANG_ENG_PHP (Debug)|Win32.ActiveCfg = __LANG_ENG_PHP (Debug)|Win32
		{24E61667-B889-4F75-9921-479C36327B7F}.__LANG_ENG_PHP (Debug)|Win32.Build.0 = __LANG_ENG_PHP (Debug)|Win32
		{24E61667-B889-4F75-9921-479C36327B7F}.__LANG_ENG_PHP (Release)|Win32.ActiveCfg = __LANG_ENG_PHP (Release)|Win32
		{24E61667-B889-4F75-9921-479C36327B7F}.__LANG_ENG_PHP (Release)|Win32.Build.0 = __LANG_ENG_PHP (Release)|Win32
		{24E61667-B889-4F75-9921-479C36327B7F}.__LANG_ENG_PHPTEST (Debug)|Win32.ActiveCfg = __LANG_ENG_PHPTEST (Debug)|Win32
		{24E61667-B889-4F75-9921-479C36327B7F}.__LANG_ENG_PHPTEST (Debug)|Win32.Build.0 = __LANG_ENG_PHPTEST (Debug)|Win32
		{24E61667-B889-4F75-9921-479C36327B7F}.__LANG_ENG_PHPTEST (Release)|Win32.ActiveCfg = __LANG_ENG_PHPTEST (Release)|Win32
		{24E61667-B889-4F75-9921-479C36327B7F}.__LANG_ENG_PHPTEST (Release)|Win32.Build.0 = __LANG_ENG_PHPTEST (Release)|Win32
		{24E61667-B889-4F75-9921-479C36327B7F}.__LANG_ENG_USA (Debug)|Win32.ActiveCfg = __LANG_ENG_USA (Debug)|Win32
		{24E61667-B889-4F75-9921-479C36327B7F}.__LANG_ENG_USA (Debug)|Win32.Build.0 = __LANG_ENG_USA (Debug)|Win32
		{24E61667-B889-4F75-9921-479C36327B7F}.__LANG_ENG_USA (Release)|Win32.ActiveCfg = __LANG_ENG_USA (Release)|Win32
		{24E61667-B889-4F75-9921-479C36327B7F}.__LANG_ENG_USA (Release)|Win32.Build.0 = __LANG_ENG_USA (Release)|Win32
		{24E61667-B889-4F75-9921-479C36327B7F}.__LANG_ENG_USATEST (Debug)|Win32.ActiveCfg = __LANG_ENG_USATEST (Debug)|Win32
		{24E61667-B889-4F75-9921-479C36327B7F}.__LANG_ENG_USATEST (Debug)|Win32.Build.0 = __LANG_ENG_USATEST (Debug)|Win32
		{24E61667-B889-4F75-9921-479C36327B7F}.__LANG_ENG_USATEST (Release)|Win32.ActiveCfg = __LANG_ENG_USATEST (Release)|Win32
		{24E61667-B889-4F75-9921-479C36327B7F}.__LANG_ENG_USATEST (Release)|Win32.Build.0 = __LANG_ENG_USATEST (Release)|Win32
		{24E61667-B889-4F75-9921-479C36327B7F}.__LANG_ENG_USATEST_EXTERNAL (Debug)|Win32.ActiveCfg = __LANG_ENG_USATEST_EXTERNAL (Debug)|Win32
		{24E61667-B889-4F75-9921-479C36327B7F}.__LANG_ENG_USATEST_EXTERNAL (Debug)|Win32.Build.0 = __LANG_ENG_USATEST_EXTERNAL (Debug)|Win32
		{24E61667-B889-4F75-9921-479C36327B7F}.__LANG_ENG_USATEST_EXTERNAL (Release)|Win32.ActiveCfg = __LANG_ENG_USATEST_EXTERNAL (Release)|Win32
		{24E61667-B889-4F75-9921-479C36327B7F}.__LANG_ENG_USATEST_EXTERNAL (Release)|Win32.Build.0 = __LANG_ENG_USATEST_EXTERNAL (Release)|Win32
		{24E61667-B889-4F75-9921-479C36327B7F}.__LANG_FRA_FRA (Debug)|Win32.ActiveCfg = __LANG_FRA_FRA (Debug)|Win32
		{24E61667-B889-4F75-9921-479C36327B7F}.__LANG_FRA_FRA (Debug)|Win32.Build.0 = __LANG_FRA_FRA (Debug)|Win32
		{24E61667-B889-4F75-9921-479C36327B7F}.__LANG_FRA_FRA (Release)|Win32.ActiveCfg = __LANG_FRA_FRA (Release)|Win32
		{24E61667-B889-4F75-9921-479C36327B7F}.__LANG_FRA_FRA (Release)|Win32.Build.0 = __LANG_FRA_FRA (Release)|Win32
		{24E61667-B889-4F75-9921-479C36327B7F}.__LANG_FRA_TEST (Debug)|Win32.ActiveCfg = __LANG_FRA_TEST (Debug)|Win32
		{24E61667-B889-4F75-9921-479C36327B7F}.__LANG_FRA_TEST (Debug)|Win32.Build.0 = __LANG_FRA_TEST (Debug)|Win32
		{24E61667-B889-4F75-9921-479C36327B7F}.__LANG_FRA_TEST (Release)|Win32.ActiveCfg = __LANG_FRA_TEST (Release)|Win32
		{24E61667-B889-4F75-9921-479C36327B7F}.__LANG_FRA_TEST (Release)|Win32.Build.0 = __LANG_FRA_TEST (Release)|Win32
		{24E61667-B889-4F75-9921-479C36327B7F}.__LANG_FWC_BRAZIL (Debug)|Win32.ActiveCfg = __LANG_FWC_BRAZIL (Debug)|Win32
		{24E61667-B889-4F75-9921-479C36327B7F}.__LANG_FWC_BRAZIL (Debug)|Win32.Build.0 = __LANG_FWC_BRAZIL (Debug)|Win32
		{24E61667-B889-4F75-9921-479C36327B7F}.__LANG_FWC_BRAZIL (Release)|Win32.ActiveCfg = __LANG_FWC_BRAZIL (Release)|Win32
		{24E61667-B889-4F75-9921-479C36327B7F}.__LANG_FWC_BRAZIL (Release)|Win32.Build.0 = __LANG_FWC_BRAZIL (Release)|Win32
		{24E61667-B889-4F75-9921-479C36327B7F}.__LANG_FWC_CHILE_SPANISH (Debug)|Win32.ActiveCfg = __LANG_FWC_CHILE_SPANISH (Debug)|Win32
		{24E61667-B889-4F75-9921-479C36327B7F}.__LANG_FWC_CHILE_SPANISH (Debug)|Win32.Build.0 = __LANG_FWC_CHILE_SPANISH (Debug)|Win32
		{24E61667-B889-4F75-9921-479C36327B7F}.__LANG_FWC_CHILE_SPANISH (Release)|Win32.ActiveCfg = __LANG_FWC_CHILE_SPANISH (Release)|Win32
		{24E61667-B889-4F75-9921-479C36327B7F}.__LANG_FWC_CHILE_SPANISH (Release)|Win32.Build.0 = __LANG_FWC_CHILE_SPANISH (Release)|Win32
		{24E61667-B889-4F75-9921-479C36327B7F}.__LANG_FWC_EUROPE (Debug)|Win32.ActiveCfg = __LANG_FWC_EUROPE (Debug)|Win32
		{24E61667-B889-4F75-9921-479C36327B7F}.__LANG_FWC_EUROPE (Debug)|Win32.Build.0 = __LANG_FWC_EUROPE (Debug)|Win32
		{24E61667-B889-4F75-9921-479C36327B7F}.__LANG_FWC_EUROPE (Release)|Win32.ActiveCfg = __LANG_FWC_EUROPE (Release)|Win32
		{24E61667-B889-4F75-9921-479C36327B7F}.__LANG_FWC_EUROPE (Release)|Win32.Build.0 = __LANG_FWC_EUROPE (Release)|Win32
		{24E61667-B889-4F75-9921-479C36327B7F}.__LANG_FWC_INDONESIA (Debug)|Win32.ActiveCfg = __LANG_FWC_INDONESIA (Debug)|Win32
		{24E61667-B889-4F75-9921-479C36327B7F}.__LANG_FWC_INDONESIA (Debug)|Win32.Build.0 = __LANG_FWC_INDONESIA (Debug)|Win32
		{24E61667-B889-4F75-9921-479C36327B7F}.__LANG_FWC_INDONESIA (Release)|Win32.ActiveCfg = __LANG_FWC_INDONESIA (Release)|Win32
		{24E61667-B889-4F75-9921-479C36327B7F}.__LANG_FWC_INDONESIA (Release)|Win32.Build.0 = __LANG_FWC_INDONESIA (Release)|Win32
		{24E61667-B889-4F75-9921-479C36327B7F}.__LANG_FWC_JAPAN (Debug)|Win32.ActiveCfg = __LANG_FWC_JAPAN (Debug)|Win32
		{24E61667-B889-4F75-9921-479C36327B7F}.__LANG_FWC_JAPAN (Debug)|Win32.Build.0 = __LANG_FWC_JAPAN (Debug)|Win32
		{24E61667-B889-4F75-9921-479C36327B7F}.__LANG_FWC_JAPAN (Release)|Win32.ActiveCfg = __LANG_FWC_JAPAN (Release)|Win32
		{24E61667-B889-4F75-9921-479C36327B7F}.__LANG_FWC_JAPAN (Release)|Win32.Build.0 = __LANG_FWC_JAPAN (Release)|Win32
		{24E61667-B889-4F75-9921-479C36327B7F}.__LANG_FWC_KOREA (Debug)|Win32.ActiveCfg = __LANG_FWC_KOREA (Debug)|Win32
		{24E61667-B889-4F75-9921-479C36327B7F}.__LANG_FWC_KOREA (Debug)|Win32.Build.0 = __LANG_FWC_KOREA (Debug)|Win32
		{24E61667-B889-4F75-9921-479C36327B7F}.__LANG_FWC_KOREA (Release)|Win32.ActiveCfg = __LANG_FWC_KOREA (Release)|Win32
		{24E61667-B889-4F75-9921-479C36327B7F}.__LANG_FWC_KOREA (Release)|Win32.Build.0 = __LANG_FWC_KOREA (Release)|Win32
		{24E61667-B889-4F75-9921-479C36327B7F}.__LANG_FWC_KOREA_LOCAL (Debug)|Win32.ActiveCfg = __LANG_FWC_KOREA_LOCAL (Debug)|Win32
		{24E61667-B889-4F75-9921-479C36327B7F}.__LANG_FWC_KOREA_LOCAL (Debug)|Win32.Build.0 = __LANG_FWC_KOREA_LOCAL (Debug)|Win32
		{24E61667-B889-4F75-9921-479C36327B7F}.__LANG_FWC_KOREA_LOCAL (Release)|Win32.ActiveCfg = __LANG_FWC_KOREA_LOCAL (Release)|Win32
		{24E61667-B889-4F75-9921-479C36327B7F}.__LANG_FWC_KOREA_LOCAL (Release)|Win32.Build.0 = __LANG_FWC_KOREA_LOCAL (Release)|Win32
		{24E61667-B889-4F75-9921-479C36327B7F}.__LANG_FWC_TAIWAN (Debug)|Win32.ActiveCfg = __LANG_FWC_TAIWAN (Debug)|Win32
		{24E61667-B889-4F75-9921-479C36327B7F}.__LANG_FWC_TAIWAN (Debug)|Win32.Build.0 = __LANG_FWC_TAIWAN (Debug)|Win32
		{24E61667-B889-4F75-9921-479C36327B7F}.__LANG_FWC_TAIWAN (Release)|Win32.ActiveCfg = __LANG_FWC_TAIWAN (Release)|Win32
		{24E61667-B889-4F75-9921-479C36327B7F}.__LANG_FWC_TAIWAN (Release)|Win32.Build.0 = __LANG_FWC_TAIWAN (Release)|Win32
		{24E61667-B889-4F75-9921-479C36327B7F}.__LANG_FWC_THAILAND (Debug)|Win32.ActiveCfg = __LANG_FWC_THAILAND (Debug)|Win32
		{24E61667-B889-4F75-9921-479C36327B7F}.__LANG_FWC_THAILAND (Debug)|Win32.Build.0 = __LANG_FWC_THAILAND (Debug)|Win32
		{24E61667-B889-4F75-9921-479C36327B7F}.__LANG_FWC_THAILAND (Release)|Win32.ActiveCfg = __LANG_FWC_THAILAND (Release)|Win32
		{24E61667-B889-4F75-9921-479C36327B7F}.__LANG_FWC_THAILAND (Release)|Win32.Build.0 = __LANG_FWC_THAILAND (Release)|Win32
		{24E61667-B889-4F75-9921-479C36327B7F}.__LANG_FWC_USA (Debug)|Win32.ActiveCfg = __LANG_FWC_USA (Debug)|Win32
		{24E61667-B889-4F75-9921-479C36327B7F}.__LANG_FWC_USA (Debug)|Win32.Build.0 = __LANG_FWC_USA (Debug)|Win32
		{24E61667-B889-4F75-9921-479C36327B7F}.__LANG_FWC_USA (Release)|Win32.ActiveCfg = __LANG_FWC_USA (Release)|Win32
		{24E61667-B889-4F75-9921-479C36327B7F}.__LANG_FWC_USA (Release)|Win32.Build.0 = __LANG_FWC_USA (Release)|Win32
		{24E61667-B889-4F75-9921-479C36327B7F}.__LANG_GER_MAIN (Debug)|Win32.ActiveCfg = __LANG_GER_MAIN (Debug)|Win32
		{24E61667-B889-4F75-9921-479C36327B7F}.__LANG_GER_MAIN (Debug)|Win32.Build.0 = __LANG_GER_MAIN (Debug)|Win32
		{24E61667-B889-4F75-9921-479C36327B7F}.__LANG_GER_MAIN (Release)|Win32.ActiveCfg = __LANG_GER_MAIN (Release)|Win32
		{24E61667-B889-4F75-9921-479C36327B7F}.__LANG_GER_MAIN (Release)|Win32.Build.0 = __LANG_GER_MAIN (Release)|Win32
		{24E61667-B889-4F75-9921-479C36327B7F}.__LANG_GER_TEST (Debug)|Win32.ActiveCfg = __LANG_GER_TEST (Debug)|Win32
		{24E61667-B889-4F75-9921-479C36327B7F}.__LANG_GER_TEST (Debug)|Win32.Build.0 = __LANG_GER_TEST (Debug)|Win32
		{24E61667-B889-4F75-9921-479C36327B7F}.__LANG_GER_TEST (Release)|Win32.ActiveCfg = __LANG_GER_TEST (Release)|Win32
		{24E61667-B889-4F75-9921-479C36327B7F}.__LANG_GER_TEST (Release)|Win32.Build.0 = __LANG_GER_TEST (Release)|Win32
		{24E61667-B889-4F75-9921-479C36327B7F}.__LANG_POR_BRA (Debug)|Win32.ActiveCfg = __LANG_POR_BRA (Debug)|Win32
		{24E61667-B889-4F75-9921-479C36327B7F}.__LANG_POR_BRA (Debug)|Win32.Build.0 = __LANG_POR_BRA (Debug)|Win32
		{24E61667-B889-4F75-9921-479C36327B7F}.__LANG_POR_BRA (Release)|Win32.ActiveCfg = __LANG_POR_BRA (Release)|Win32
		{24E61667-B889-4F75-9921-479C36327B7F}.__LANG_POR_BRA (Release)|Win32.Build.0 = __LANG_POR_BRA (Release)|Win32
		{24E61667-B889-4F75-9921-479C36327B7F}.__LANG_POR_BRATEST (Debug)|Win32.ActiveCfg = __LANG_POR_BRATEST (Debug)|Win32
		{24E61667-B889-4F75-9921-479C36327B7F}.__LANG_POR_BRATEST (Debug)|Win32.Build.0 = __LANG_POR_BRATEST (Debug)|Win32
		{24E61667-B889-4F75-9921-479C36327B7F}.__LANG_POR_BRATEST (Release)|Win32.ActiveCfg = __LANG_POR_BRATEST (Release)|Win32
		{24E61667-B889-4F75-9921-479C36327B7F}.__LANG_POR_BRATEST (Release)|Win32.Build.0 = __LANG_POR_BRATEST (Release)|Win32
		{24E61667-B889-4F75-9921-479C36327B7F}.__LANG_POR_BRATEST2 (Debug)|Win32.ActiveCfg = __LANG_POR_BRATEST2 (Debug)|Win32
		{24E61667-B889-4F75-9921-479C36327B7F}.__LANG_POR_BRATEST2 (Debug)|Win32.Build.0 = __LANG_POR_BRATEST2 (Debug)|Win32
		{24E61667-B889-4F75-9921-479C36327B7F}.__LANG_POR_BRATEST2 (Release)|Win32.ActiveCfg = __LANG_POR_BRATEST2 (Release)|Win32
		{24E61667-B889-4F75-9921-479C36327B7F}.__LANG_POR_BRATEST2 (Release)|Win32.Build.0 = __LANG_POR_BRATEST2 (Release)|Win32
		{24E61667-B889-4F75-9921-479C36327B7F}.__LANG_POR_BRATEST3 (Debug)|Win32.ActiveCfg = __LANG_POR_BRATEST3 (Debug)|Win32
		{24E61667-B889-4F75-9921-479C36327B7F}.__LANG_POR_BRATEST3 (Debug)|Win32.Build.0 = __LANG_POR_BRATEST3 (Debug)|Win32
		{24E61667-B889-4F75-9921-479C36327B7F}.__LANG_RUS_MAIN (Debug)|Win32.ActiveCfg = __LANG_RUS_MAIN (Debug)|Win32
		{24E61667-B889-4F75-9921-479C36327B7F}.__LANG_RUS_MAIN (Debug)|Win32.Build.0 = __LANG_RUS_MAIN (Debug)|Win32
		{24E61667-B889-4F75-9921-479C36327B7F}.__LANG_RUS_MAIN (Release)|Win32.ActiveCfg = __LANG_RUS_MAIN (Release)|Win32
		{24E61667-B889-4F75-9921-479C36327B7F}.__LANG_RUS_MAIN (Release)|Win32.Build.0 = __LANG_RUS_MAIN (Release)|Win32
		{24E61667-B889-4F75-9921-479C36327B7F}.__LANG_RUS_TEST (Debug)|Win32.ActiveCfg = __LANG_RUS_TEST (Debug)|Win32
		{24E61667-B889-4F75-9921-479C36327B7F}.__LANG_RUS_TEST (Debug)|Win32.Build.0 = __LANG_RUS_TEST (Debug)|Win32
		{24E61667-B889-4F75-9921-479C36327B7F}.__LANG_RUS_TEST (Release)|Win32.ActiveCfg = __LANG_RUS_TEST (Release)|Win32
		{24E61667-B889-4F75-9921-479C36327B7F}.__LANG_RUS_TEST (Release)|Win32.Build.0 = __LANG_RUS_TEST (Release)|Win32
		{24E61667-B889-4F75-9921-479C36327B7F}.__LANG_SPA_CHIL (Debug)|Win32.ActiveCfg = __LANG_SPA_CHIL (Debug)|Win32
		{24E61667-B889-4F75-9921-479C36327B7F}.__LANG_SPA_CHIL (Debug)|Win32.Build.0 = __LANG_SPA_CHIL (Debug)|Win32
		{24E61667-B889-4F75-9921-479C36327B7F}.__LANG_SPA_CHIL (Release)|Win32.ActiveCfg = __LANG_SPA_CHIL (Release)|Win32
		{24E61667-B889-4F75-9921-479C36327B7F}.__LANG_SPA_CHIL (Release)|Win32.Build.0 = __LANG_SPA_CHIL (Release)|Win32
		{24E61667-B889-4F75-9921-479C36327B7F}.__LANG_SPA_CHILTEST (Debug)|Win32.ActiveCfg = __LANG_SPA_CHILTEST (Debug)|Win32
		{24E61667-B889-4F75-9921-479C36327B7F}.__LANG_SPA_CHILTEST (Debug)|Win32.Build.0 = __LANG_SPA_CHILTEST (Debug)|Win32
		{24E61667-B889-4F75-9921-479C36327B7F}.__LANG_SPA_CHILTEST (Release)|Win32.ActiveCfg = __LANG_SPA_CHILTEST (Release)|Win32
		{24E61667-B889-4F75-9921-479C36327B7F}.__LANG_SPA_CHILTEST (Release)|Win32.Build.0 = __LANG_SPA_CHILTEST (Release)|Win32
		{24E61667-B889-4F75-9921-479C36327B7F}.__LANG_TAIWAN_HONGKONG (Debug)|Win32.ActiveCfg = __LANG_TAIWAN_HONGKONG (Debug)|Win32
		{24E61667-B889-4F75-9921-479C36327B7F}.__LANG_TAIWAN_HONGKONG (Debug)|Win32.Build.0 = __LANG_TAIWAN_HONGKONG (Debug)|Win32
		{24E61667-B889-4F75-9921-479C36327B7F}.__LANG_TAIWAN_HONGKONG (Release)|Win32.ActiveCfg = __LANG_TAIWAN_HONGKONG (Release)|Win32
		{24E61667-B889-4F75-9921-479C36327B7F}.__LANG_TAIWAN_HONGKONG (Release)|Win32.Build.0 = __LANG_TAIWAN_HONGKONG (Release)|Win32
		{24E61667-B889-4F75-9921-479C36327B7F}.__LANG_TAIWAN_HONGKONG_TEST (Debug)|Win32.ActiveCfg = __LANG_TAIWAN_HONGKONG_TEST (Debug)|Win32
		{24E61667-B889-4F75-9921-479C36327B7F}.__LANG_TAIWAN_HONGKONG_TEST (Debug)|Win32.Build.0 = __LANG_TAIWAN_HONGKONG_TEST (Debug)|Win32
		{24E61667-B889-4F75-9921-479C36327B7F}.__LANG_TAIWAN_HONGKONG_TEST (Release)|Win32.ActiveCfg = __LANG_TAIWAN_HONGKONG_TEST (Release)|Win32
		{24E61667-B889-4F75-9921-479C36327B7F}.__LANG_TAIWAN_HONGKONG_TEST (Release)|Win32.Build.0 = __LANG_TAIWAN_HONGKONG_TEST (Release)|Win32
		{24E61667-B889-4F75-9921-479C36327B7F}.__LANG_TAIWAN_MAIN (Debug)|Win32.ActiveCfg = __LANG_TAIWAN_MAIN (Debug)|Win32
		{24E61667-B889-4F75-9921-479C36327B7F}.__LANG_TAIWAN_MAIN (Debug)|Win32.Build.0 = __LANG_TAIWAN_MAIN (Debug)|Win32
		{24E61667-B889-4F75-9921-479C36327B7F}.__LANG_TAIWAN_MAIN (Release)|Win32.ActiveCfg = __LANG_TAIWAN_MAIN (Release)|Win32
		{24E61667-B889-4F75-9921-479C36327B7F}.__LANG_TAIWAN_MAIN (Release)|Win32.Build.0 = __LANG_TAIWAN_MAIN (Release)|Win32
		{24E61667-B889-4F75-9921-479C36327B7F}.__LANG_TAIWAN_MAIN_NEXT (Debug)|Win32.ActiveCfg = __LANG_TAIWAN_MAIN_NEXT (Debug)|Win32
		{24E61667-B889-4F75-9921-479C36327B7F}.__LANG_TAIWAN_MAIN_NEXT (Debug)|Win32.Build.0 = __LANG_TAIWAN_MAIN_NEXT (Debug)|Win32
		{24E61667-B889-4F75-9921-479C36327B7F}.__LANG_TAIWAN_MAIN_NEXT (Release)|Win32.ActiveCfg = __LANG_TAIWAN_MAIN_NEXT (Release)|Win32
		{24E61667-B889-4F75-9921-479C36327B7F}.__LANG_TAIWAN_MAIN_NEXT (Release)|Win32.Build.0 = __LANG_TAIWAN_MAIN_NEXT (Release)|Win32
		{24E61667-B889-4F75-9921-479C36327B7F}.__LANG_TAIWAN_TEST (Debug)|Win32.ActiveCfg = __LANG_TAIWAN_TEST (Debug)|Win32
		{24E61667-B889-4F75-9921-479C36327B7F}.__LANG_TAIWAN_TEST (Debug)|Win32.Build.0 = __LANG_TAIWAN_TEST (Debug)|Win32
		{24E61667-B889-4F75-9921-479C36327B7F}.__LANG_TAIWAN_TEST (Release)|Win32.ActiveCfg = __LANG_TAIWAN_TEST (Release)|Win32
		{24E61667-B889-4F75-9921-479C36327B7F}.__LANG_TAIWAN_TEST (Release)|Win32.Build.0 = __LANG_TAIWAN_TEST (Release)|Win32
		{24E61667-B889-4F75-9921-479C36327B7F}.__LANG_TAIWAN_TEST_NEXT (Debug)|Win32.ActiveCfg = __LANG_TAIWAN_TEST_NEXT (Debug)|Win32
		{24E61667-B889-4F75-9921-479C36327B7F}.__LANG_TAIWAN_TEST_NEXT (Debug)|Win32.Build.0 = __LANG_TAIWAN_TEST_NEXT (Debug)|Win32
		{24E61667-B889-4F75-9921-479C36327B7F}.__LANG_TAIWAN_TEST_NEXT (Release)|Win32.ActiveCfg = __LANG_TAIWAN_TEST_NEXT (Release)|Win32
		{24E61667-B889-4F75-9921-479C36327B7F}.__LANG_TAIWAN_TEST_NEXT (Release)|Win32.Build.0 = __LANG_TAIWAN_TEST_NEXT (Release)|Win32
		{24E61667-B889-4F75-9921-479C36327B7F}.__LANG_TAIWAN_TEST3 (Debug)|Win32.ActiveCfg = __LANG_TAIWAN_TEST3 (Debug)|Win32
		{24E61667-B889-4F75-9921-479C36327B7F}.__LANG_TAIWAN_TEST3 (Debug)|Win32.Build.0 = __LANG_TAIWAN_TEST3 (Debug)|Win32
		{24E61667-B889-4F75-9921-479C36327B7F}.__LANG_TAIWAN_TEST3 (Release)|Win32.ActiveCfg = __LANG_TAIWAN_TEST3 (Release)|Win32
		{24E61667-B889-4F75-9921-479C36327B7F}.__LANG_TAIWAN_TEST3 (Release)|Win32.Build.0 = __LANG_TAIWAN_TEST3 (Release)|Win32
		{24E61667-B889-4F75-9921-479C36327B7F}.__LANG_THAI_MAIN (Debug)|Win32.ActiveCfg = __LANG_THAI_MAIN (Debug)|Win32
		{24E61667-B889-4F75-9921-479C36327B7F}.__LANG_THAI_MAIN (Debug)|Win32.Build.0 = __LANG_THAI_MAIN (Debug)|Win32
		{24E61667-B889-4F75-9921-479C36327B7F}.__LANG_THAI_MAIN (Release)|Win32.ActiveCfg = __LANG_THAI_MAIN (Release)|Win32
		{24E61667-B889-4F75-9921-479C36327B7F}.__LANG_THAI_MAIN (Release)|Win32.Build.0 = __LANG_THAI_MAIN (Release)|Win32
		{24E61667-B889-4F75-9921-479C36327B7F}.__LANG_THAI_TEST (Debug)|Win32.ActiveCfg = __LANG_THAI_TEST (Debug)|Win32
		{24E61667-B889-4F75-9921-479C36327B7F}.__LANG_THAI_TEST (Debug)|Win32.Build.0 = __LANG_THAI_TEST (Debug)|Win32
		{24E61667-B889-4F75-9921-479C36327B7F}.__LANG_THAI_TEST (Release)|Win32.ActiveCfg = __LANG_THAI_TEST (Release)|Win32
		{24E61667-B889-4F75-9921-479C36327B7F}.__LANG_THAI_TEST (Release)|Win32.Build.0 = __LANG_THAI_TEST (Release)|Win32
		{24E61667-B889-4F75-9921-479C36327B7F}.__LANG_VTN_MAIN (Debug)|Win32.ActiveCfg = __LANG_VTN_MAIN (Debug)|Win32
		{24E61667-B889-4F75-9921-479C36327B7F}.__LANG_VTN_MAIN (Debug)|Win32.Build.0 = __LANG_VTN_MAIN (Debug)|Win32
		{24E61667-B889-4F75-9921-479C36327B7F}.__LANG_VTN_MAIN (Release)|Win32.ActiveCfg = __LANG_VTN_MAIN (Release)|Win32
		{24E61667-B889-4F75-9921-479C36327B7F}.__LANG_VTN_MAIN (Release)|Win32.Build.0 = __LANG_VTN_MAIN (Release)|Win32
		{24E61667-B889-4F75-9921-479C36327B7F}.__LANG_VTN_TEST (Debug)|Win32.ActiveCfg = __LANG_VTN_TEST (Debug)|Win32
		{24E61667-B889-4F75-9921-479C36327B7F}.__LANG_VTN_TEST (Debug)|Win32.Build.0 = __LANG_VTN_TEST (Debug)|Win32
		{24E61667-B889-4F75-9921-479C36327B7F}.__LANG_VTN_TEST (Release)|Win32.ActiveCfg = __LANG_VTN_TEST (Release)|Win32
		{24E61667-B889-4F75-9921-479C36327B7F}.__LANG_VTN_TEST (Release)|Win32.Build.0 = __LANG_VTN_TEST (Release)|Win32
		{24E61667-B889-4F75-9921-479C36327B7F}.__MAINSERVER (Debug)|Win32.ActiveCfg = __MAINSERVER (Debug)|Win32
		{24E61667-B889-4F75-9921-479C36327B7F}.__MAINSERVER (Debug)|Win32.Build.0 = __MAINSERVER (Debug)|Win32
		{24E61667-B889-4F75-9921-479C36327B7F}.__MAINSERVER (Release)|Win32.ActiveCfg = __MAINSERVER (Release)|Win32
		{24E61667-B889-4F75-9921-479C36327B7F}.__MAINSERVER (Release)|Win32.Build.0 = __MAINSERVER (Release)|Win32
		{24E61667-B889-4F75-9921-479C36327B7F}.__TESTSERVER_EXTERNAL (Debug)|Win32.ActiveCfg = __TESTSERVER_EXTERNAL (Debug)|Win32
		{24E61667-B889-4F75-9921-479C36327B7F}.__TESTSERVER_EXTERNAL (Debug)|Win32.Build.0 = __TESTSERVER_EXTERNAL (Debug)|Win32
		{24E61667-B889-4F75-9921-479C36327B7F}.__TESTSERVER_EXTERNAL (Release)|Win32.ActiveCfg = __TESTSERVER_EXTERNAL (Release)|Win32
		{24E61667-B889-4F75-9921-479C36327B7F}.__TESTSERVER_EXTERNAL (Release)|Win32.Build.0 = __TESTSERVER_EXTERNAL (Release)|Win32
		{24E61667-B889-4F75-9921-479C36327B7F}.__TESTSERVER_FOREIGN (Debug)|Win32.ActiveCfg = __TESTSERVER_FOREIGN (Debug)|Win32
		{24E61667-B889-4F75-9921-479C36327B7F}.__TESTSERVER_FOREIGN (Debug)|Win32.Build.0 = __TESTSERVER_FOREIGN (Debug)|Win32
		{24E61667-B889-4F75-9921-479C36327B7F}.__TESTSERVER_FOREIGN (Release)|Win32.ActiveCfg = __TESTSERVER_FOREIGN (Release)|Win32
		{24E61667-B889-4F75-9921-479C36327B7F}.__TESTSERVER_FOREIGN (Release)|Win32.Build.0 = __TESTSERVER_FOREIGN (Release)|Win32
		{24E61667-B889-4F75-9921-479C36327B7F}.__TESTSERVER_FOREIGN_17 (Debug)|Win32.ActiveCfg = __TESTSERVER_FOREIGN_17 (Debug)|Win32
		{24E61667-B889-4F75-9921-479C36327B7F}.__TESTSERVER_FOREIGN_17 (Debug)|Win32.Build.0 = __TESTSERVER_FOREIGN_17 (Debug)|Win32
		{24E61667-B889-4F75-9921-479C36327B7F}.__TESTSERVER_FOREIGN_17 (Release)|Win32.ActiveCfg = __TESTSERVER_FOREIGN_17 (Release)|Win32
		{24E61667-B889-4F75-9921-479C36327B7F}.__TESTSERVER_FOREIGN_17 (Release)|Win32.Build.0 = __TESTSERVER_FOREIGN_17 (Release)|Win32
		{24E61667-B889-4F75-9921-479C36327B7F}.__TESTSERVER_INTERNAL_CURR_VER (Debug)|Win32.ActiveCfg = __TESTSERVER_INTERNAL_CURR_VER (Debug)|Win32
		{24E61667-B889-4F75-9921-479C36327B7F}.__TESTSERVER_INTERNAL_CURR_VER (Debug)|Win32.Build.0 = __TESTSERVER_INTERNAL_CURR_VER (Debug)|Win32
		{24E61667-B889-4F75-9921-479C36327B7F}.__TESTSERVER_INTERNAL_CURR_VER (Release)|Win32.ActiveCfg = __TESTSERVER_INTERNAL_CURR_VER (Release)|Win32
		{24E61667-B889-4F75-9921-479C36327B7F}.__TESTSERVER_INTERNAL_CURR_VER (Release)|Win32.Build.0 = __TESTSERVER_INTERNAL_CURR_VER (Release)|Win32
		{24E61667-B889-4F75-9921-479C36327B7F}.__TESTSERVER_INTERNAL_NEXT_VER (Debug)|Win32.ActiveCfg = __TESTSERVER_INTERNAL_NEXT_VER (Debug)|Win32
		{24E61667-B889-4F75-9921-479C36327B7F}.__TESTSERVER_INTERNAL_NEXT_VER (Debug)|Win32.Build.0 = __TESTSERVER_INTERNAL_NEXT_VER (Debug)|Win32
		{24E61667-B889-4F75-9921-479C36327B7F}.__TESTSERVER_INTERNAL_NEXT_VER (Release)|Win32.ActiveCfg = __TESTSERVER_INTERNAL_NEXT_VER (Release)|Win32
		{24E61667-B889-4F75-9921-479C36327B7F}.__TESTSERVER_INTERNAL_NEXT_VER (Release)|Win32.Build.0 = __TESTSERVER_INTERNAL_NEXT_VER (Release)|Win32
		{24E61667-B889-4F75-9921-479C36327B7F}.__TESTSERVER_KOREA_16 (Debug)|Win32.ActiveCfg = __TESTSERVER_KOREA_16 (Debug)|Win32
		{24E61667-B889-4F75-9921-479C36327B7F}.__TESTSERVER_KOREA_16 (Debug)|Win32.Build.0 = __TESTSERVER_KOREA_16 (Debug)|Win32
		{24E61667-B889-4F75-9921-479C36327B7F}.__TESTSERVER_KOREA_16 (Release)|Win32.ActiveCfg = __TESTSERVER_KOREA_16 (Release)|Win32
		{24E61667-B889-4F75-9921-479C36327B7F}.__TESTSERVER_KOREA_16 (Release)|Win32.Build.0 = __TESTSERVER_KOREA_16 (Release)|Win32
		{24E61667-B889-4F75-9921-479C36327B7F}.Debug|Win32.ActiveCfg = Debug|Win32
		{24E61667-B889-4F75-9921-479C36327B7F}.Debug|Win32.Build.0 = Debug|Win32
		{24E61667-B889-4F75-9921-479C36327B7F}.Release|Win32.ActiveCfg = Release|Win32
		{24E61667-B889-4F75-9921-479C36327B7F}.Release|Win32.Build.0 = Release|Win32
	EndGlobalSection
	GlobalSection(SolutionProperties) = preSolution
		HideSolutionNode = FALSE
	EndGlobalSection
EndGlobal
