Microsoft Visual Studio Solution File, Format Version 8.00
Project("{8BC9CEB8-8B4A-11D0-8D11-00A0C91BC942}") = "BetaPatchClient", "BetaPatchClient.vcproj", "{038E38F3-A68E-4BF5-A6AA-5CE8607C73EE}"
	ProjectSection(ProjectDependencies) = postProject
	EndProjectSection
EndProject
Global
	GlobalSection(SolutionConfiguration) = preSolution
		__JAPAN (Debug) = __JAPAN (Debug)
		__JAPAN (Release) = __JAPAN (Release)
		__JAPAN_NEW_TEST (Debug) = __JAPAN_NEW_TEST (Debug)
		__JAPAN_NEW_TEST (Release) = __JAPAN_NEW_TEST (Release)
		__LANG_ENG_ID_MAIN (Debug) = __LANG_ENG_ID_MAIN (Debug)
		__LANG_ENG_ID_MAIN (Release) = __LANG_ENG_ID_MAIN (Release)
		__LANG_ENG_ID_TEST (Debug) = __LANG_ENG_ID_TEST (Debug)
		__LANG_ENG_ID_TEST (Release) = __LANG_ENG_ID_TEST (Release)
		__LANG_ENG_ID_TEST2 (Debug) = __LANG_ENG_ID_TEST2 (Debug)
		__LANG_ENG_ID_TEST2 (Release) = __LANG_ENG_ID_TEST2 (Release)
		__LANG_ENG_PHP (Debug) = __LANG_ENG_PHP (Debug)
		__LANG_ENG_PHP (Release) = __LANG_ENG_PHP (Release)
		__LANG_ENG_PHPTEST (Debug) = __LANG_ENG_PHPTEST (Debug)
		__LANG_ENG_PHPTEST (Release) = __LANG_ENG_PHPTEST (Release)
		__LANG_ENG_USA (Debug) = __LANG_ENG_USA (Debug)
		__LANG_ENG_USA (Release) = __LANG_ENG_USA (Release)
		__LANG_ENG_USATEST (Debug) = __LANG_ENG_USATEST (Debug)
		__LANG_ENG_USATEST (Release) = __LANG_ENG_USATEST (Release)
		__LANG_ENG_USATEST_EXTERNAL (Debug) = __LANG_ENG_USATEST_EXTERNAL (Debug)
		__LANG_ENG_USATEST_EXTERNAL (Release) = __LANG_ENG_USATEST_EXTERNAL (Release)
		__LANG_FRA_FRA (Debug) = __LANG_FRA_FRA (Debug)
		__LANG_FRA_FRA (Release) = __LANG_FRA_FRA (Release)
		__LANG_FRA_NEXT_TEST (Debug) = __LANG_FRA_NEXT_TEST (Debug)
		__LANG_FRA_NEXT_TEST (Release) = __LANG_FRA_NEXT_TEST (Release)
		__LANG_FRA_TEST (Debug) = __LANG_FRA_TEST (Debug)
		__LANG_FRA_TEST (Release) = __LANG_FRA_TEST (Release)
		__LANG_FWC_BRAZIL (Debug) = __LANG_FWC_BRAZIL (Debug)
		__LANG_FWC_BRAZIL (Release) = __LANG_FWC_BRAZIL (Release)
		__LANG_FWC_CHILE_SPANISH (Debug) = __LANG_FWC_CHILE_SPANISH (Debug)
		__LANG_FWC_CHILE_SPANISH (Release) = __LANG_FWC_CHILE_SPANISH (Release)
		__LANG_FWC_EUROPE (Debug) = __LANG_FWC_EUROPE (Debug)
		__LANG_FWC_EUROPE (Release) = __LANG_FWC_EUROPE (Release)
		__LANG_FWC_INDONESIA (Debug) = __LANG_FWC_INDONESIA (Debug)
		__LANG_FWC_INDONESIA (Release) = __LANG_FWC_INDONESIA (Release)
		__LANG_FWC_JAPAN (Debug) = __LANG_FWC_JAPAN (Debug)
		__LANG_FWC_JAPAN (Release) = __LANG_FWC_JAPAN (Release)
		__LANG_FWC_KOREA (Debug) = __LANG_FWC_KOREA (Debug)
		__LANG_FWC_KOREA (Release) = __LANG_FWC_KOREA (Release)
		__LANG_FWC_KOREA_LOCAL (Debug) = __LANG_FWC_KOREA_LOCAL (Debug)
		__LANG_FWC_KOREA_LOCAL (Release) = __LANG_FWC_KOREA_LOCAL (Release)
		__LANG_FWC_TAIWAN (Debug) = __LANG_FWC_TAIWAN (Debug)
		__LANG_FWC_TAIWAN (Release) = __LANG_FWC_TAIWAN (Release)
		__LANG_FWC_THAILAND (Debug) = __LANG_FWC_THAILAND (Debug)
		__LANG_FWC_THAILAND (Release) = __LANG_FWC_THAILAND (Release)
		__LANG_FWC_USA (Debug) = __LANG_FWC_USA (Debug)
		__LANG_FWC_USA (Release) = __LANG_FWC_USA (Release)
		__LANG_GER_MAIN (Debug) = __LANG_GER_MAIN (Debug)
		__LANG_GER_MAIN (Release) = __LANG_GER_MAIN (Release)
		__LANG_GER_NEXT_TEST (Debug) = __LANG_GER_NEXT_TEST (Debug)
		__LANG_GER_NEXT_TEST (Release) = __LANG_GER_NEXT_TEST (Release)
		__LANG_GER_TEST (Debug) = __LANG_GER_TEST (Debug)
		__LANG_GER_TEST (Release) = __LANG_GER_TEST (Release)
		__LANG_POR_BRA (Debug) = __LANG_POR_BRA (Debug)
		__LANG_POR_BRA (Release) = __LANG_POR_BRA (Release)
		__LANG_POR_BRATEST (Debug) = __LANG_POR_BRATEST (Debug)
		__LANG_POR_BRATEST (Release) = __LANG_POR_BRATEST (Release)
		__LANG_POR_BRATEST2 (Debug) = __LANG_POR_BRATEST2 (Debug)
		__LANG_POR_BRATEST2 (Release) = __LANG_POR_BRATEST2 (Release)
		__LANG_POR_BRATEST3 (Debug) = __LANG_POR_BRATEST3 (Debug)
		__LANG_POR_BRATEST3 (Release) = __LANG_POR_BRATEST3 (Release)
		__LANG_RUS_MAIN (Debug) = __LANG_RUS_MAIN (Debug)
		__LANG_RUS_MAIN (Release) = __LANG_RUS_MAIN (Release)
		__LANG_RUS_TEST (Debug) = __LANG_RUS_TEST (Debug)
		__LANG_RUS_TEST (Release) = __LANG_RUS_TEST (Release)
		__LANG_SPA_CHIL (Debug) = __LANG_SPA_CHIL (Debug)
		__LANG_SPA_CHIL (Release) = __LANG_SPA_CHIL (Release)
		__LANG_SPA_CHILTEST (Debug) = __LANG_SPA_CHILTEST (Debug)
		__LANG_SPA_CHILTEST (Release) = __LANG_SPA_CHILTEST (Release)
		__LANG_TAIWAN_HONGKONG (Debug) = __LANG_TAIWAN_HONGKONG (Debug)
		__LANG_TAIWAN_HONGKONG (Release) = __LANG_TAIWAN_HONGKONG (Release)
		__LANG_TAIWAN_HONGKONG_TEST (Debug) = __LANG_TAIWAN_HONGKONG_TEST (Debug)
		__LANG_TAIWAN_HONGKONG_TEST (Release) = __LANG_TAIWAN_HONGKONG_TEST (Release)
		__LANG_TAIWAN_MAIN (Debug) = __LANG_TAIWAN_MAIN (Debug)
		__LANG_TAIWAN_MAIN (Release) = __LANG_TAIWAN_MAIN (Release)
		__LANG_TAIWAN_MAIN_NEXT (Debug) = __LANG_TAIWAN_MAIN_NEXT (Debug)
		__LANG_TAIWAN_MAIN_NEXT (Release) = __LANG_TAIWAN_MAIN_NEXT (Release)
		__LANG_TAIWAN_TEST (Debug) = __LANG_TAIWAN_TEST (Debug)
		__LANG_TAIWAN_TEST (Release) = __LANG_TAIWAN_TEST (Release)
		__LANG_TAIWAN_TEST_NEXT (Debug) = __LANG_TAIWAN_TEST_NEXT (Debug)
		__LANG_TAIWAN_TEST_NEXT (Release) = __LANG_TAIWAN_TEST_NEXT (Release)
		__LANG_TAIWAN_TEST3 (Debug) = __LANG_TAIWAN_TEST3 (Debug)
		__LANG_TAIWAN_TEST3 (Release) = __LANG_TAIWAN_TEST3 (Release)
		__LANG_THAI_MAIN (Debug) = __LANG_THAI_MAIN (Debug)
		__LANG_THAI_MAIN (Release) = __LANG_THAI_MAIN (Release)
		__LANG_THAI_TEST (Debug) = __LANG_THAI_TEST (Debug)
		__LANG_THAI_TEST (Release) = __LANG_THAI_TEST (Release)
		__LANG_VTN_MAIN (Debug) = __LANG_VTN_MAIN (Debug)
		__LANG_VTN_MAIN (Release) = __LANG_VTN_MAIN (Release)
		__LANG_VTN_TEST (Debug) = __LANG_VTN_TEST (Debug)
		__LANG_VTN_TEST (Release) = __LANG_VTN_TEST (Release)
		__MAINSERVER (Debug) = __MAINSERVER (Debug)
		__MAINSERVER (Release) = __MAINSERVER (Release)
		__TESTSERVER_EXTERNAL (Debug) = __TESTSERVER_EXTERNAL (Debug)
		__TESTSERVER_EXTERNAL (Release) = __TESTSERVER_EXTERNAL (Release)
		__TESTSERVER_FOREIGN (Debug) = __TESTSERVER_FOREIGN (Debug)
		__TESTSERVER_FOREIGN (Release) = __TESTSERVER_FOREIGN (Release)
		__TESTSERVER_FOREIGN_17 (Debug) = __TESTSERVER_FOREIGN_17 (Debug)
		__TESTSERVER_FOREIGN_17 (Release) = __TESTSERVER_FOREIGN_17 (Release)
		__TESTSERVER_INTERNAL_CURR_VER (Debug) = __TESTSERVER_INTERNAL_CURR_VER (Debug)
		__TESTSERVER_INTERNAL_CURR_VER (Release) = __TESTSERVER_INTERNAL_CURR_VER (Release)
		__TESTSERVER_INTERNAL_NEXT_VER (Debug) = __TESTSERVER_INTERNAL_NEXT_VER (Debug)
		__TESTSERVER_INTERNAL_NEXT_VER (Release) = __TESTSERVER_INTERNAL_NEXT_VER (Release)
		__TESTSERVER_KOREA_16 (Debug) = __TESTSERVER_KOREA_16 (Debug)
		__TESTSERVER_KOREA_16 (Release) = __TESTSERVER_KOREA_16 (Release)
		Debug = Debug
		Release = Release
	EndGlobalSection
	GlobalSection(ProjectDependencies) = postSolution
	EndGlobalSection
	GlobalSection(ProjectConfiguration) = postSolution
		{038E38F3-A68E-4BF5-A6AA-5CE8607C73EE}.__JAPAN (Debug).ActiveCfg = __JAPAN (Debug)|Win32
		{038E38F3-A68E-4BF5-A6AA-5CE8607C73EE}.__JAPAN (Debug).Build.0 = __JAPAN (Debug)|Win32
		{038E38F3-A68E-4BF5-A6AA-5CE8607C73EE}.__JAPAN (Release).ActiveCfg = __JAPAN (Release)|Win32
		{038E38F3-A68E-4BF5-A6AA-5CE8607C73EE}.__JAPAN (Release).Build.0 = __JAPAN (Release)|Win32
		{038E38F3-A68E-4BF5-A6AA-5CE8607C73EE}.__JAPAN_NEW_TEST (Debug).ActiveCfg = __JAPAN_NEW_TEST (Debug)|Win32
		{038E38F3-A68E-4BF5-A6AA-5CE8607C73EE}.__JAPAN_NEW_TEST (Debug).Build.0 = __JAPAN_NEW_TEST (Debug)|Win32
		{038E38F3-A68E-4BF5-A6AA-5CE8607C73EE}.__JAPAN_NEW_TEST (Release).ActiveCfg = __JAPAN_NEW_TEST (Release)|Win32
		{038E38F3-A68E-4BF5-A6AA-5CE8607C73EE}.__JAPAN_NEW_TEST (Release).Build.0 = __JAPAN_NEW_TEST (Release)|Win32
		{038E38F3-A68E-4BF5-A6AA-5CE8607C73EE}.__LANG_ENG_ID_MAIN (Debug).ActiveCfg = __LANG_ENG_ID_MAIN (Debug)|Win32
		{038E38F3-A68E-4BF5-A6AA-5CE8607C73EE}.__LANG_ENG_ID_MAIN (Debug).Build.0 = __LANG_ENG_ID_MAIN (Debug)|Win32
		{038E38F3-A68E-4BF5-A6AA-5CE8607C73EE}.__LANG_ENG_ID_MAIN (Release).ActiveCfg = __LANG_ENG_ID_MAIN (Release)|Win32
		{038E38F3-A68E-4BF5-A6AA-5CE8607C73EE}.__LANG_ENG_ID_MAIN (Release).Build.0 = __LANG_ENG_ID_MAIN (Release)|Win32
		{038E38F3-A68E-4BF5-A6AA-5CE8607C73EE}.__LANG_ENG_ID_TEST (Debug).ActiveCfg = __LANG_ENG_ID_TEST (Debug)|Win32
		{038E38F3-A68E-4BF5-A6AA-5CE8607C73EE}.__LANG_ENG_ID_TEST (Debug).Build.0 = __LANG_ENG_ID_TEST (Debug)|Win32
		{038E38F3-A68E-4BF5-A6AA-5CE8607C73EE}.__LANG_ENG_ID_TEST (Release).ActiveCfg = __LANG_ENG_ID_TEST (Release)|Win32
		{038E38F3-A68E-4BF5-A6AA-5CE8607C73EE}.__LANG_ENG_ID_TEST (Release).Build.0 = __LANG_ENG_ID_TEST (Release)|Win32
		{038E38F3-A68E-4BF5-A6AA-5CE8607C73EE}.__LANG_ENG_ID_TEST2 (Debug).ActiveCfg = __LANG_ENG_ID_TEST2 (Debug)|Win32
		{038E38F3-A68E-4BF5-A6AA-5CE8607C73EE}.__LANG_ENG_ID_TEST2 (Debug).Build.0 = __LANG_ENG_ID_TEST2 (Debug)|Win32
		{038E38F3-A68E-4BF5-A6AA-5CE8607C73EE}.__LANG_ENG_ID_TEST2 (Release).ActiveCfg = __LANG_ENG_ID_TEST2 (Release)|Win32
		{038E38F3-A68E-4BF5-A6AA-5CE8607C73EE}.__LANG_ENG_ID_TEST2 (Release).Build.0 = __LANG_ENG_ID_TEST2 (Release)|Win32
		{038E38F3-A68E-4BF5-A6AA-5CE8607C73EE}.__LANG_ENG_PHP (Debug).ActiveCfg = __LANG_ENG_PHP (Debug)|Win32
		{038E38F3-A68E-4BF5-A6AA-5CE8607C73EE}.__LANG_ENG_PHP (Debug).Build.0 = __LANG_ENG_PHP (Debug)|Win32
		{038E38F3-A68E-4BF5-A6AA-5CE8607C73EE}.__LANG_ENG_PHP (Release).ActiveCfg = __LANG_ENG_PHP (Release)|Win32
		{038E38F3-A68E-4BF5-A6AA-5CE8607C73EE}.__LANG_ENG_PHP (Release).Build.0 = __LANG_ENG_PHP (Release)|Win32
		{038E38F3-A68E-4BF5-A6AA-5CE8607C73EE}.__LANG_ENG_PHPTEST (Debug).ActiveCfg = __LANG_ENG_PHPTEST (Debug)|Win32
		{038E38F3-A68E-4BF5-A6AA-5CE8607C73EE}.__LANG_ENG_PHPTEST (Debug).Build.0 = __LANG_ENG_PHPTEST (Debug)|Win32
		{038E38F3-A68E-4BF5-A6AA-5CE8607C73EE}.__LANG_ENG_PHPTEST (Release).ActiveCfg = __LANG_ENG_PHPTEST (Release)|Win32
		{038E38F3-A68E-4BF5-A6AA-5CE8607C73EE}.__LANG_ENG_PHPTEST (Release).Build.0 = __LANG_ENG_PHPTEST (Release)|Win32
		{038E38F3-A68E-4BF5-A6AA-5CE8607C73EE}.__LANG_ENG_USA (Debug).ActiveCfg = __LANG_ENG_USA (Debug)|Win32
		{038E38F3-A68E-4BF5-A6AA-5CE8607C73EE}.__LANG_ENG_USA (Debug).Build.0 = __LANG_ENG_USA (Debug)|Win32
		{038E38F3-A68E-4BF5-A6AA-5CE8607C73EE}.__LANG_ENG_USA (Release).ActiveCfg = __LANG_ENG_USA (Release)|Win32
		{038E38F3-A68E-4BF5-A6AA-5CE8607C73EE}.__LANG_ENG_USA (Release).Build.0 = __LANG_ENG_USA (Release)|Win32
		{038E38F3-A68E-4BF5-A6AA-5CE8607C73EE}.__LANG_ENG_USATEST (Debug).ActiveCfg = __LANG_ENG_USATEST (Debug)|Win32
		{038E38F3-A68E-4BF5-A6AA-5CE8607C73EE}.__LANG_ENG_USATEST (Debug).Build.0 = __LANG_ENG_USATEST (Debug)|Win32
		{038E38F3-A68E-4BF5-A6AA-5CE8607C73EE}.__LANG_ENG_USATEST (Release).ActiveCfg = __LANG_ENG_USATEST (Release)|Win32
		{038E38F3-A68E-4BF5-A6AA-5CE8607C73EE}.__LANG_ENG_USATEST (Release).Build.0 = __LANG_ENG_USATEST (Release)|Win32
		{038E38F3-A68E-4BF5-A6AA-5CE8607C73EE}.__LANG_ENG_USATEST_EXTERNAL (Debug).ActiveCfg = __LANG_ENG_USATEST_EXTERNAL (Debug)|Win32
		{038E38F3-A68E-4BF5-A6AA-5CE8607C73EE}.__LANG_ENG_USATEST_EXTERNAL (Debug).Build.0 = __LANG_ENG_USATEST_EXTERNAL (Debug)|Win32
		{038E38F3-A68E-4BF5-A6AA-5CE8607C73EE}.__LANG_ENG_USATEST_EXTERNAL (Release).ActiveCfg = __LANG_ENG_USATEST_EXTERNAL (Release)|Win32
		{038E38F3-A68E-4BF5-A6AA-5CE8607C73EE}.__LANG_ENG_USATEST_EXTERNAL (Release).Build.0 = __LANG_ENG_USATEST_EXTERNAL (Release)|Win32
		{038E38F3-A68E-4BF5-A6AA-5CE8607C73EE}.__LANG_FRA_FRA (Debug).ActiveCfg = __LANG_FRA_FRA (Debug)|Win32
		{038E38F3-A68E-4BF5-A6AA-5CE8607C73EE}.__LANG_FRA_FRA (Debug).Build.0 = __LANG_FRA_FRA (Debug)|Win32
		{038E38F3-A68E-4BF5-A6AA-5CE8607C73EE}.__LANG_FRA_FRA (Release).ActiveCfg = __LANG_FRA_FRA (Release)|Win32
		{038E38F3-A68E-4BF5-A6AA-5CE8607C73EE}.__LANG_FRA_FRA (Release).Build.0 = __LANG_FRA_FRA (Release)|Win32
		{038E38F3-A68E-4BF5-A6AA-5CE8607C73EE}.__LANG_FRA_NEXT_TEST (Debug).ActiveCfg = __LANG_FRA_NEXT_TEST (Debug)|Win32
		{038E38F3-A68E-4BF5-A6AA-5CE8607C73EE}.__LANG_FRA_NEXT_TEST (Debug).Build.0 = __LANG_FRA_NEXT_TEST (Debug)|Win32
		{038E38F3-A68E-4BF5-A6AA-5CE8607C73EE}.__LANG_FRA_NEXT_TEST (Release).ActiveCfg = __LANG_FRA_NEXT_TEST (Release)|Win32
		{038E38F3-A68E-4BF5-A6AA-5CE8607C73EE}.__LANG_FRA_NEXT_TEST (Release).Build.0 = __LANG_FRA_NEXT_TEST (Release)|Win32
		{038E38F3-A68E-4BF5-A6AA-5CE8607C73EE}.__LANG_FRA_TEST (Debug).ActiveCfg = __LANG_FRA_TEST (Debug)|Win32
		{038E38F3-A68E-4BF5-A6AA-5CE8607C73EE}.__LANG_FRA_TEST (Debug).Build.0 = __LANG_FRA_TEST (Debug)|Win32
		{038E38F3-A68E-4BF5-A6AA-5CE8607C73EE}.__LANG_FRA_TEST (Release).ActiveCfg = __LANG_FRA_TEST (Release)|Win32
		{038E38F3-A68E-4BF5-A6AA-5CE8607C73EE}.__LANG_FRA_TEST (Release).Build.0 = __LANG_FRA_TEST (Release)|Win32
		{038E38F3-A68E-4BF5-A6AA-5CE8607C73EE}.__LANG_FWC_BRAZIL (Debug).ActiveCfg = __LANG_FWC_BRAZIL (Debug)|Win32
		{038E38F3-A68E-4BF5-A6AA-5CE8607C73EE}.__LANG_FWC_BRAZIL (Debug).Build.0 = __LANG_FWC_BRAZIL (Debug)|Win32
		{038E38F3-A68E-4BF5-A6AA-5CE8607C73EE}.__LANG_FWC_BRAZIL (Release).ActiveCfg = __LANG_FWC_BRAZIL (Release)|Win32
		{038E38F3-A68E-4BF5-A6AA-5CE8607C73EE}.__LANG_FWC_BRAZIL (Release).Build.0 = __LANG_FWC_BRAZIL (Release)|Win32
		{038E38F3-A68E-4BF5-A6AA-5CE8607C73EE}.__LANG_FWC_CHILE_SPANISH (Debug).ActiveCfg = __LANG_FWC_CHILE_SPANISH (Debug)|Win32
		{038E38F3-A68E-4BF5-A6AA-5CE8607C73EE}.__LANG_FWC_CHILE_SPANISH (Debug).Build.0 = __LANG_FWC_CHILE_SPANISH (Debug)|Win32
		{038E38F3-A68E-4BF5-A6AA-5CE8607C73EE}.__LANG_FWC_CHILE_SPANISH (Release).ActiveCfg = __LANG_FWC_CHILE_SPANISH (Release)|Win32
		{038E38F3-A68E-4BF5-A6AA-5CE8607C73EE}.__LANG_FWC_CHILE_SPANISH (Release).Build.0 = __LANG_FWC_CHILE_SPANISH (Release)|Win32
		{038E38F3-A68E-4BF5-A6AA-5CE8607C73EE}.__LANG_FWC_EUROPE (Debug).ActiveCfg = __LANG_FWC_EUROPE (Debug)|Win32
		{038E38F3-A68E-4BF5-A6AA-5CE8607C73EE}.__LANG_FWC_EUROPE (Debug).Build.0 = __LANG_FWC_EUROPE (Debug)|Win32
		{038E38F3-A68E-4BF5-A6AA-5CE8607C73EE}.__LANG_FWC_EUROPE (Release).ActiveCfg = __LANG_FWC_EUROPE (Release)|Win32
		{038E38F3-A68E-4BF5-A6AA-5CE8607C73EE}.__LANG_FWC_EUROPE (Release).Build.0 = __LANG_FWC_EUROPE (Release)|Win32
		{038E38F3-A68E-4BF5-A6AA-5CE8607C73EE}.__LANG_FWC_INDONESIA (Debug).ActiveCfg = __LANG_FWC_INDONESIA (Debug)|Win32
		{038E38F3-A68E-4BF5-A6AA-5CE8607C73EE}.__LANG_FWC_INDONESIA (Debug).Build.0 = __LANG_FWC_INDONESIA (Debug)|Win32
		{038E38F3-A68E-4BF5-A6AA-5CE8607C73EE}.__LANG_FWC_INDONESIA (Release).ActiveCfg = __LANG_FWC_INDONESIA (Release)|Win32
		{038E38F3-A68E-4BF5-A6AA-5CE8607C73EE}.__LANG_FWC_INDONESIA (Release).Build.0 = __LANG_FWC_INDONESIA (Release)|Win32
		{038E38F3-A68E-4BF5-A6AA-5CE8607C73EE}.__LANG_FWC_JAPAN (Debug).ActiveCfg = __LANG_FWC_JAPAN (Debug)|Win32
		{038E38F3-A68E-4BF5-A6AA-5CE8607C73EE}.__LANG_FWC_JAPAN (Debug).Build.0 = __LANG_FWC_JAPAN (Debug)|Win32
		{038E38F3-A68E-4BF5-A6AA-5CE8607C73EE}.__LANG_FWC_JAPAN (Release).ActiveCfg = __LANG_FWC_JAPAN (Release)|Win32
		{038E38F3-A68E-4BF5-A6AA-5CE8607C73EE}.__LANG_FWC_JAPAN (Release).Build.0 = __LANG_FWC_JAPAN (Release)|Win32
		{038E38F3-A68E-4BF5-A6AA-5CE8607C73EE}.__LANG_FWC_KOREA (Debug).ActiveCfg = __LANG_FWC_KOREA (Debug)|Win32
		{038E38F3-A68E-4BF5-A6AA-5CE8607C73EE}.__LANG_FWC_KOREA (Debug).Build.0 = __LANG_FWC_KOREA (Debug)|Win32
		{038E38F3-A68E-4BF5-A6AA-5CE8607C73EE}.__LANG_FWC_KOREA (Release).ActiveCfg = __LANG_FWC_KOREA (Release)|Win32
		{038E38F3-A68E-4BF5-A6AA-5CE8607C73EE}.__LANG_FWC_KOREA (Release).Build.0 = __LANG_FWC_KOREA (Release)|Win32
		{038E38F3-A68E-4BF5-A6AA-5CE8607C73EE}.__LANG_FWC_KOREA_LOCAL (Debug).ActiveCfg = __LANG_FWC_KOREA_LOCAL (Debug)|Win32
		{038E38F3-A68E-4BF5-A6AA-5CE8607C73EE}.__LANG_FWC_KOREA_LOCAL (Debug).Build.0 = __LANG_FWC_KOREA_LOCAL (Debug)|Win32
		{038E38F3-A68E-4BF5-A6AA-5CE8607C73EE}.__LANG_FWC_KOREA_LOCAL (Release).ActiveCfg = __LANG_FWC_KOREA_LOCAL (Release)|Win32
		{038E38F3-A68E-4BF5-A6AA-5CE8607C73EE}.__LANG_FWC_KOREA_LOCAL (Release).Build.0 = __LANG_FWC_KOREA_LOCAL (Release)|Win32
		{038E38F3-A68E-4BF5-A6AA-5CE8607C73EE}.__LANG_FWC_TAIWAN (Debug).ActiveCfg = __LANG_FWC_TAIWAN (Debug)|Win32
		{038E38F3-A68E-4BF5-A6AA-5CE8607C73EE}.__LANG_FWC_TAIWAN (Debug).Build.0 = __LANG_FWC_TAIWAN (Debug)|Win32
		{038E38F3-A68E-4BF5-A6AA-5CE8607C73EE}.__LANG_FWC_TAIWAN (Release).ActiveCfg = __LANG_FWC_TAIWAN (Release)|Win32
		{038E38F3-A68E-4BF5-A6AA-5CE8607C73EE}.__LANG_FWC_TAIWAN (Release).Build.0 = __LANG_FWC_TAIWAN (Release)|Win32
		{038E38F3-A68E-4BF5-A6AA-5CE8607C73EE}.__LANG_FWC_THAILAND (Debug).ActiveCfg = __LANG_FWC_THAILAND (Debug)|Win32
		{038E38F3-A68E-4BF5-A6AA-5CE8607C73EE}.__LANG_FWC_THAILAND (Debug).Build.0 = __LANG_FWC_THAILAND (Debug)|Win32
		{038E38F3-A68E-4BF5-A6AA-5CE8607C73EE}.__LANG_FWC_THAILAND (Release).ActiveCfg = __LANG_FWC_THAILAND (Release)|Win32
		{038E38F3-A68E-4BF5-A6AA-5CE8607C73EE}.__LANG_FWC_THAILAND (Release).Build.0 = __LANG_FWC_THAILAND (Release)|Win32
		{038E38F3-A68E-4BF5-A6AA-5CE8607C73EE}.__LANG_FWC_USA (Debug).ActiveCfg = __LANG_FWC_USA (Debug)|Win32
		{038E38F3-A68E-4BF5-A6AA-5CE8607C73EE}.__LANG_FWC_USA (Debug).Build.0 = __LANG_FWC_USA (Debug)|Win32
		{038E38F3-A68E-4BF5-A6AA-5CE8607C73EE}.__LANG_FWC_USA (Release).ActiveCfg = __LANG_FWC_USA (Release)|Win32
		{038E38F3-A68E-4BF5-A6AA-5CE8607C73EE}.__LANG_FWC_USA (Release).Build.0 = __LANG_FWC_USA (Release)|Win32
		{038E38F3-A68E-4BF5-A6AA-5CE8607C73EE}.__LANG_GER_MAIN (Debug).ActiveCfg = __LANG_GER_MAIN (Debug)|Win32
		{038E38F3-A68E-4BF5-A6AA-5CE8607C73EE}.__LANG_GER_MAIN (Debug).Build.0 = __LANG_GER_MAIN (Debug)|Win32
		{038E38F3-A68E-4BF5-A6AA-5CE8607C73EE}.__LANG_GER_MAIN (Release).ActiveCfg = __LANG_GER_MAIN (Release)|Win32
		{038E38F3-A68E-4BF5-A6AA-5CE8607C73EE}.__LANG_GER_MAIN (Release).Build.0 = __LANG_GER_MAIN (Release)|Win32
		{038E38F3-A68E-4BF5-A6AA-5CE8607C73EE}.__LANG_GER_NEXT_TEST (Debug).ActiveCfg = __LANG_GER_NEXT_TEST (Debug)|Win32
		{038E38F3-A68E-4BF5-A6AA-5CE8607C73EE}.__LANG_GER_NEXT_TEST (Debug).Build.0 = __LANG_GER_NEXT_TEST (Debug)|Win32
		{038E38F3-A68E-4BF5-A6AA-5CE8607C73EE}.__LANG_GER_NEXT_TEST (Release).ActiveCfg = __LANG_GER_NEXT_TEST (Release)|Win32
		{038E38F3-A68E-4BF5-A6AA-5CE8607C73EE}.__LANG_GER_NEXT_TEST (Release).Build.0 = __LANG_GER_NEXT_TEST (Release)|Win32
		{038E38F3-A68E-4BF5-A6AA-5CE8607C73EE}.__LANG_GER_TEST (Debug).ActiveCfg = __LANG_GER_TEST (Debug)|Win32
		{038E38F3-A68E-4BF5-A6AA-5CE8607C73EE}.__LANG_GER_TEST (Debug).Build.0 = __LANG_GER_TEST (Debug)|Win32
		{038E38F3-A68E-4BF5-A6AA-5CE8607C73EE}.__LANG_GER_TEST (Release).ActiveCfg = __LANG_GER_TEST (Release)|Win32
		{038E38F3-A68E-4BF5-A6AA-5CE8607C73EE}.__LANG_GER_TEST (Release).Build.0 = __LANG_GER_TEST (Release)|Win32
		{038E38F3-A68E-4BF5-A6AA-5CE8607C73EE}.__LANG_POR_BRA (Debug).ActiveCfg = __LANG_POR_BRA (Debug)|Win32
		{038E38F3-A68E-4BF5-A6AA-5CE8607C73EE}.__LANG_POR_BRA (Debug).Build.0 = __LANG_POR_BRA (Debug)|Win32
		{038E38F3-A68E-4BF5-A6AA-5CE8607C73EE}.__LANG_POR_BRA (Release).ActiveCfg = __LANG_POR_BRA (Release)|Win32
		{038E38F3-A68E-4BF5-A6AA-5CE8607C73EE}.__LANG_POR_BRA (Release).Build.0 = __LANG_POR_BRA (Release)|Win32
		{038E38F3-A68E-4BF5-A6AA-5CE8607C73EE}.__LANG_POR_BRATEST (Debug).ActiveCfg = __LANG_POR_BRATEST (Debug)|Win32
		{038E38F3-A68E-4BF5-A6AA-5CE8607C73EE}.__LANG_POR_BRATEST (Debug).Build.0 = __LANG_POR_BRATEST (Debug)|Win32
		{038E38F3-A68E-4BF5-A6AA-5CE8607C73EE}.__LANG_POR_BRATEST (Release).ActiveCfg = __LANG_POR_BRATEST (Release)|Win32
		{038E38F3-A68E-4BF5-A6AA-5CE8607C73EE}.__LANG_POR_BRATEST (Release).Build.0 = __LANG_POR_BRATEST (Release)|Win32
		{038E38F3-A68E-4BF5-A6AA-5CE8607C73EE}.__LANG_POR_BRATEST2 (Debug).ActiveCfg = __LANG_POR_BRATEST2 (Debug)|Win32
		{038E38F3-A68E-4BF5-A6AA-5CE8607C73EE}.__LANG_POR_BRATEST2 (Debug).Build.0 = __LANG_POR_BRATEST2 (Debug)|Win32
		{038E38F3-A68E-4BF5-A6AA-5CE8607C73EE}.__LANG_POR_BRATEST2 (Release).ActiveCfg = __LANG_POR_BRATEST2 (Release)|Win32
		{038E38F3-A68E-4BF5-A6AA-5CE8607C73EE}.__LANG_POR_BRATEST2 (Release).Build.0 = __LANG_POR_BRATEST2 (Release)|Win32
		{038E38F3-A68E-4BF5-A6AA-5CE8607C73EE}.__LANG_POR_BRATEST3 (Debug).ActiveCfg = __LANG_POR_BRATEST3 (Debug)|Win32
		{038E38F3-A68E-4BF5-A6AA-5CE8607C73EE}.__LANG_POR_BRATEST3 (Debug).Build.0 = __LANG_POR_BRATEST3 (Debug)|Win32
		{038E38F3-A68E-4BF5-A6AA-5CE8607C73EE}.__LANG_POR_BRATEST3 (Release).ActiveCfg = __LANG_POR_BRATEST3 (Release)|Win32
		{038E38F3-A68E-4BF5-A6AA-5CE8607C73EE}.__LANG_POR_BRATEST3 (Release).Build.0 = __LANG_POR_BRATEST3 (Release)|Win32
		{038E38F3-A68E-4BF5-A6AA-5CE8607C73EE}.__LANG_RUS_MAIN (Debug).ActiveCfg = __LANG_RUS_MAIN (Debug)|Win32
		{038E38F3-A68E-4BF5-A6AA-5CE8607C73EE}.__LANG_RUS_MAIN (Debug).Build.0 = __LANG_RUS_MAIN (Debug)|Win32
		{038E38F3-A68E-4BF5-A6AA-5CE8607C73EE}.__LANG_RUS_MAIN (Release).ActiveCfg = __LANG_RUS_MAIN (Release)|Win32
		{038E38F3-A68E-4BF5-A6AA-5CE8607C73EE}.__LANG_RUS_MAIN (Release).Build.0 = __LANG_RUS_MAIN (Release)|Win32
		{038E38F3-A68E-4BF5-A6AA-5CE8607C73EE}.__LANG_RUS_TEST (Debug).ActiveCfg = __LANG_RUS_TEST (Debug)|Win32
		{038E38F3-A68E-4BF5-A6AA-5CE8607C73EE}.__LANG_RUS_TEST (Debug).Build.0 = __LANG_RUS_TEST (Debug)|Win32
		{038E38F3-A68E-4BF5-A6AA-5CE8607C73EE}.__LANG_RUS_TEST (Release).ActiveCfg = __LANG_RUS_TEST (Release)|Win32
		{038E38F3-A68E-4BF5-A6AA-5CE8607C73EE}.__LANG_RUS_TEST (Release).Build.0 = __LANG_RUS_TEST (Release)|Win32
		{038E38F3-A68E-4BF5-A6AA-5CE8607C73EE}.__LANG_SPA_CHIL (Debug).ActiveCfg = __LANG_SPA_CHIL (Debug)|Win32
		{038E38F3-A68E-4BF5-A6AA-5CE8607C73EE}.__LANG_SPA_CHIL (Debug).Build.0 = __LANG_SPA_CHIL (Debug)|Win32
		{038E38F3-A68E-4BF5-A6AA-5CE8607C73EE}.__LANG_SPA_CHIL (Release).ActiveCfg = __LANG_SPA_CHIL (Release)|Win32
		{038E38F3-A68E-4BF5-A6AA-5CE8607C73EE}.__LANG_SPA_CHIL (Release).Build.0 = __LANG_SPA_CHIL (Release)|Win32
		{038E38F3-A68E-4BF5-A6AA-5CE8607C73EE}.__LANG_SPA_CHILTEST (Debug).ActiveCfg = __LANG_SPA_CHILTEST (Debug)|Win32
		{038E38F3-A68E-4BF5-A6AA-5CE8607C73EE}.__LANG_SPA_CHILTEST (Debug).Build.0 = __LANG_SPA_CHILTEST (Debug)|Win32
		{038E38F3-A68E-4BF5-A6AA-5CE8607C73EE}.__LANG_SPA_CHILTEST (Release).ActiveCfg = __LANG_SPA_CHILTEST (Release)|Win32
		{038E38F3-A68E-4BF5-A6AA-5CE8607C73EE}.__LANG_SPA_CHILTEST (Release).Build.0 = __LANG_SPA_CHILTEST (Release)|Win32
		{038E38F3-A68E-4BF5-A6AA-5CE8607C73EE}.__LANG_TAIWAN_HONGKONG (Debug).ActiveCfg = __LANG_TAIWAN_HONGKONG (Debug)|Win32
		{038E38F3-A68E-4BF5-A6AA-5CE8607C73EE}.__LANG_TAIWAN_HONGKONG (Debug).Build.0 = __LANG_TAIWAN_HONGKONG (Debug)|Win32
		{038E38F3-A68E-4BF5-A6AA-5CE8607C73EE}.__LANG_TAIWAN_HONGKONG (Release).ActiveCfg = __LANG_TAIWAN_HONGKONG (Release)|Win32
		{038E38F3-A68E-4BF5-A6AA-5CE8607C73EE}.__LANG_TAIWAN_HONGKONG (Release).Build.0 = __LANG_TAIWAN_HONGKONG (Release)|Win32
		{038E38F3-A68E-4BF5-A6AA-5CE8607C73EE}.__LANG_TAIWAN_HONGKONG_TEST (Debug).ActiveCfg = __LANG_TAIWAN_HONGKONG_TEST (Debug)|Win32
		{038E38F3-A68E-4BF5-A6AA-5CE8607C73EE}.__LANG_TAIWAN_HONGKONG_TEST (Debug).Build.0 = __LANG_TAIWAN_HONGKONG_TEST (Debug)|Win32
		{038E38F3-A68E-4BF5-A6AA-5CE8607C73EE}.__LANG_TAIWAN_HONGKONG_TEST (Release).ActiveCfg = __LANG_TAIWAN_HONGKONG_TEST (Release)|Win32
		{038E38F3-A68E-4BF5-A6AA-5CE8607C73EE}.__LANG_TAIWAN_HONGKONG_TEST (Release).Build.0 = __LANG_TAIWAN_HONGKONG_TEST (Release)|Win32
		{038E38F3-A68E-4BF5-A6AA-5CE8607C73EE}.__LANG_TAIWAN_MAIN (Debug).ActiveCfg = __LANG_TAIWAN_MAIN (Debug)|Win32
		{038E38F3-A68E-4BF5-A6AA-5CE8607C73EE}.__LANG_TAIWAN_MAIN (Debug).Build.0 = __LANG_TAIWAN_MAIN (Debug)|Win32
		{038E38F3-A68E-4BF5-A6AA-5CE8607C73EE}.__LANG_TAIWAN_MAIN (Release).ActiveCfg = __LANG_TAIWAN_MAIN (Release)|Win32
		{038E38F3-A68E-4BF5-A6AA-5CE8607C73EE}.__LANG_TAIWAN_MAIN (Release).Build.0 = __LANG_TAIWAN_MAIN (Release)|Win32
		{038E38F3-A68E-4BF5-A6AA-5CE8607C73EE}.__LANG_TAIWAN_MAIN_NEXT (Debug).ActiveCfg = __LANG_TAIWAN_MAIN_NEXT (Debug)|Win32
		{038E38F3-A68E-4BF5-A6AA-5CE8607C73EE}.__LANG_TAIWAN_MAIN_NEXT (Debug).Build.0 = __LANG_TAIWAN_MAIN_NEXT (Debug)|Win32
		{038E38F3-A68E-4BF5-A6AA-5CE8607C73EE}.__LANG_TAIWAN_MAIN_NEXT (Release).ActiveCfg = __LANG_TAIWAN_MAIN_NEXT (Release)|Win32
		{038E38F3-A68E-4BF5-A6AA-5CE8607C73EE}.__LANG_TAIWAN_MAIN_NEXT (Release).Build.0 = __LANG_TAIWAN_MAIN_NEXT (Release)|Win32
		{038E38F3-A68E-4BF5-A6AA-5CE8607C73EE}.__LANG_TAIWAN_TEST (Debug).ActiveCfg = __LANG_TAIWAN_TEST (Debug)|Win32
		{038E38F3-A68E-4BF5-A6AA-5CE8607C73EE}.__LANG_TAIWAN_TEST (Debug).Build.0 = __LANG_TAIWAN_TEST (Debug)|Win32
		{038E38F3-A68E-4BF5-A6AA-5CE8607C73EE}.__LANG_TAIWAN_TEST (Release).ActiveCfg = __LANG_TAIWAN_TEST (Release)|Win32
		{038E38F3-A68E-4BF5-A6AA-5CE8607C73EE}.__LANG_TAIWAN_TEST (Release).Build.0 = __LANG_TAIWAN_TEST (Release)|Win32
		{038E38F3-A68E-4BF5-A6AA-5CE8607C73EE}.__LANG_TAIWAN_TEST_NEXT (Debug).ActiveCfg = __LANG_TAIWAN_TEST_NEXT (Debug)|Win32
		{038E38F3-A68E-4BF5-A6AA-5CE8607C73EE}.__LANG_TAIWAN_TEST_NEXT (Debug).Build.0 = __LANG_TAIWAN_TEST_NEXT (Debug)|Win32
		{038E38F3-A68E-4BF5-A6AA-5CE8607C73EE}.__LANG_TAIWAN_TEST_NEXT (Release).ActiveCfg = __LANG_TAIWAN_TEST_NEXT (Release)|Win32
		{038E38F3-A68E-4BF5-A6AA-5CE8607C73EE}.__LANG_TAIWAN_TEST_NEXT (Release).Build.0 = __LANG_TAIWAN_TEST_NEXT (Release)|Win32
		{038E38F3-A68E-4BF5-A6AA-5CE8607C73EE}.__LANG_TAIWAN_TEST3 (Debug).ActiveCfg = __LANG_TAIWAN_TEST3 (Debug)|Win32
		{038E38F3-A68E-4BF5-A6AA-5CE8607C73EE}.__LANG_TAIWAN_TEST3 (Debug).Build.0 = __LANG_TAIWAN_TEST3 (Debug)|Win32
		{038E38F3-A68E-4BF5-A6AA-5CE8607C73EE}.__LANG_TAIWAN_TEST3 (Release).ActiveCfg = __LANG_TAIWAN_TEST3 (Release)|Win32
		{038E38F3-A68E-4BF5-A6AA-5CE8607C73EE}.__LANG_TAIWAN_TEST3 (Release).Build.0 = __LANG_TAIWAN_TEST3 (Release)|Win32
		{038E38F3-A68E-4BF5-A6AA-5CE8607C73EE}.__LANG_THAI_MAIN (Debug).ActiveCfg = __LANG_THAI_MAIN (Debug)|Win32
		{038E38F3-A68E-4BF5-A6AA-5CE8607C73EE}.__LANG_THAI_MAIN (Debug).Build.0 = __LANG_THAI_MAIN (Debug)|Win32
		{038E38F3-A68E-4BF5-A6AA-5CE8607C73EE}.__LANG_THAI_MAIN (Release).ActiveCfg = __LANG_THAI_MAIN (Release)|Win32
		{038E38F3-A68E-4BF5-A6AA-5CE8607C73EE}.__LANG_THAI_MAIN (Release).Build.0 = __LANG_THAI_MAIN (Release)|Win32
		{038E38F3-A68E-4BF5-A6AA-5CE8607C73EE}.__LANG_THAI_TEST (Debug).ActiveCfg = __LANG_THAI_TEST (Debug)|Win32
		{038E38F3-A68E-4BF5-A6AA-5CE8607C73EE}.__LANG_THAI_TEST (Debug).Build.0 = __LANG_THAI_TEST (Debug)|Win32
		{038E38F3-A68E-4BF5-A6AA-5CE8607C73EE}.__LANG_THAI_TEST (Release).ActiveCfg = __LANG_THAI_TEST (Release)|Win32
		{038E38F3-A68E-4BF5-A6AA-5CE8607C73EE}.__LANG_THAI_TEST (Release).Build.0 = __LANG_THAI_TEST (Release)|Win32
		{038E38F3-A68E-4BF5-A6AA-5CE8607C73EE}.__LANG_VTN_MAIN (Debug).ActiveCfg = __LANG_VTN_MAIN (Debug)|Win32
		{038E38F3-A68E-4BF5-A6AA-5CE8607C73EE}.__LANG_VTN_MAIN (Debug).Build.0 = __LANG_VTN_MAIN (Debug)|Win32
		{038E38F3-A68E-4BF5-A6AA-5CE8607C73EE}.__LANG_VTN_MAIN (Release).ActiveCfg = __LANG_VTN_MAIN (Release)|Win32
		{038E38F3-A68E-4BF5-A6AA-5CE8607C73EE}.__LANG_VTN_MAIN (Release).Build.0 = __LANG_VTN_MAIN (Release)|Win32
		{038E38F3-A68E-4BF5-A6AA-5CE8607C73EE}.__LANG_VTN_TEST (Debug).ActiveCfg = __LANG_VTN_TEST (Debug)|Win32
		{038E38F3-A68E-4BF5-A6AA-5CE8607C73EE}.__LANG_VTN_TEST (Debug).Build.0 = __LANG_VTN_TEST (Debug)|Win32
		{038E38F3-A68E-4BF5-A6AA-5CE8607C73EE}.__LANG_VTN_TEST (Release).ActiveCfg = __LANG_VTN_TEST (Release)|Win32
		{038E38F3-A68E-4BF5-A6AA-5CE8607C73EE}.__LANG_VTN_TEST (Release).Build.0 = __LANG_VTN_TEST (Release)|Win32
		{038E38F3-A68E-4BF5-A6AA-5CE8607C73EE}.__MAINSERVER (Debug).ActiveCfg = __MAINSERVER (Debug)|Win32
		{038E38F3-A68E-4BF5-A6AA-5CE8607C73EE}.__MAINSERVER (Debug).Build.0 = __MAINSERVER (Debug)|Win32
		{038E38F3-A68E-4BF5-A6AA-5CE8607C73EE}.__MAINSERVER (Release).ActiveCfg = __MAINSERVER (Release)|Win32
		{038E38F3-A68E-4BF5-A6AA-5CE8607C73EE}.__MAINSERVER (Release).Build.0 = __MAINSERVER (Release)|Win32
		{038E38F3-A68E-4BF5-A6AA-5CE8607C73EE}.__TESTSERVER_EXTERNAL (Debug).ActiveCfg = __TESTSERVER_EXTERNAL (Debug)|Win32
		{038E38F3-A68E-4BF5-A6AA-5CE8607C73EE}.__TESTSERVER_EXTERNAL (Debug).Build.0 = __TESTSERVER_EXTERNAL (Debug)|Win32
		{038E38F3-A68E-4BF5-A6AA-5CE8607C73EE}.__TESTSERVER_EXTERNAL (Release).ActiveCfg = __TESTSERVER_EXTERNAL (Release)|Win32
		{038E38F3-A68E-4BF5-A6AA-5CE8607C73EE}.__TESTSERVER_EXTERNAL (Release).Build.0 = __TESTSERVER_EXTERNAL (Release)|Win32
		{038E38F3-A68E-4BF5-A6AA-5CE8607C73EE}.__TESTSERVER_FOREIGN (Debug).ActiveCfg = __TESTSERVER_FOREIGN (Debug)|Win32
		{038E38F3-A68E-4BF5-A6AA-5CE8607C73EE}.__TESTSERVER_FOREIGN (Debug).Build.0 = __TESTSERVER_FOREIGN (Debug)|Win32
		{038E38F3-A68E-4BF5-A6AA-5CE8607C73EE}.__TESTSERVER_FOREIGN (Release).ActiveCfg = __TESTSERVER_FOREIGN (Release)|Win32
		{038E38F3-A68E-4BF5-A6AA-5CE8607C73EE}.__TESTSERVER_FOREIGN (Release).Build.0 = __TESTSERVER_FOREIGN (Release)|Win32
		{038E38F3-A68E-4BF5-A6AA-5CE8607C73EE}.__TESTSERVER_FOREIGN_17 (Debug).ActiveCfg = __TESTSERVER_FOREIGN_17 (Debug)|Win32
		{038E38F3-A68E-4BF5-A6AA-5CE8607C73EE}.__TESTSERVER_FOREIGN_17 (Debug).Build.0 = __TESTSERVER_FOREIGN_17 (Debug)|Win32
		{038E38F3-A68E-4BF5-A6AA-5CE8607C73EE}.__TESTSERVER_FOREIGN_17 (Release).ActiveCfg = __TESTSERVER_FOREIGN_17 (Release)|Win32
		{038E38F3-A68E-4BF5-A6AA-5CE8607C73EE}.__TESTSERVER_FOREIGN_17 (Release).Build.0 = __TESTSERVER_FOREIGN_17 (Release)|Win32
		{038E38F3-A68E-4BF5-A6AA-5CE8607C73EE}.__TESTSERVER_INTERNAL_CURR_VER (Debug).ActiveCfg = __TESTSERVER_INTERNAL_CURR_VER (Debug)|Win32
		{038E38F3-A68E-4BF5-A6AA-5CE8607C73EE}.__TESTSERVER_INTERNAL_CURR_VER (Debug).Build.0 = __TESTSERVER_INTERNAL_CURR_VER (Debug)|Win32
		{038E38F3-A68E-4BF5-A6AA-5CE8607C73EE}.__TESTSERVER_INTERNAL_CURR_VER (Release).ActiveCfg = __TESTSERVER_INTERNAL_CURR_VER (Release)|Win32
		{038E38F3-A68E-4BF5-A6AA-5CE8607C73EE}.__TESTSERVER_INTERNAL_CURR_VER (Release).Build.0 = __TESTSERVER_INTERNAL_CURR_VER (Release)|Win32
		{038E38F3-A68E-4BF5-A6AA-5CE8607C73EE}.__TESTSERVER_INTERNAL_NEXT_VER (Debug).ActiveCfg = __TESTSERVER_INTERNAL_NEXT_VER (Debug)|Win32
		{038E38F3-A68E-4BF5-A6AA-5CE8607C73EE}.__TESTSERVER_INTERNAL_NEXT_VER (Debug).Build.0 = __TESTSERVER_INTERNAL_NEXT_VER (Debug)|Win32
		{038E38F3-A68E-4BF5-A6AA-5CE8607C73EE}.__TESTSERVER_INTERNAL_NEXT_VER (Release).ActiveCfg = __TESTSERVER_INTERNAL_NEXT_VER (Release)|Win32
		{038E38F3-A68E-4BF5-A6AA-5CE8607C73EE}.__TESTSERVER_INTERNAL_NEXT_VER (Release).Build.0 = __TESTSERVER_INTERNAL_NEXT_VER (Release)|Win32
		{038E38F3-A68E-4BF5-A6AA-5CE8607C73EE}.__TESTSERVER_KOREA_16 (Debug).ActiveCfg = __TESTSERVER_KOREA_16 (Debug)|Win32
		{038E38F3-A68E-4BF5-A6AA-5CE8607C73EE}.__TESTSERVER_KOREA_16 (Debug).Build.0 = __TESTSERVER_KOREA_16 (Debug)|Win32
		{038E38F3-A68E-4BF5-A6AA-5CE8607C73EE}.__TESTSERVER_KOREA_16 (Release).ActiveCfg = __TESTSERVER_KOREA_16 (Release)|Win32
		{038E38F3-A68E-4BF5-A6AA-5CE8607C73EE}.__TESTSERVER_KOREA_16 (Release).Build.0 = __TESTSERVER_KOREA_16 (Release)|Win32
		{038E38F3-A68E-4BF5-A6AA-5CE8607C73EE}.Debug.ActiveCfg = Debug|Win32
		{038E38F3-A68E-4BF5-A6AA-5CE8607C73EE}.Debug.Build.0 = Debug|Win32
		{038E38F3-A68E-4BF5-A6AA-5CE8607C73EE}.Release.ActiveCfg = Release|Win32
		{038E38F3-A68E-4BF5-A6AA-5CE8607C73EE}.Release.Build.0 = Release|Win32
	EndGlobalSection
	GlobalSection(ExtensibilityGlobals) = postSolution
	EndGlobalSection
	GlobalSection(ExtensibilityAddIns) = postSolution
	EndGlobalSection
EndGlobal
