<?xml version="1.0" encoding="utf-8"?>
<Project ToolsVersion="4.0" xmlns="http://schemas.microsoft.com/developer/msbuild/2003">
  <ItemGroup>
    <Filter Include="Header">
      <UniqueIdentifier>{93995380-89BD-4b04-88EB-625FBE52EBFB}</UniqueIdentifier>
      <Extensions>h;hpp;hxx;hm;inl;inc;xsd</Extensions>
    </Filter>
    <Filter Include="Source">
      <UniqueIdentifier>{4FC737F1-C7A5-4376-A066-2A32D752A2FF}</UniqueIdentifier>
      <Extensions>cpp;c;cxx;def;odl;idl;hpj;bat;asm;asmx</Extensions>
    </Filter>
  </ItemGroup>
  <ItemGroup>
    <ClCompile Include="FLCmdOption.cpp">
      <Filter>Source</Filter>
    </ClCompile>
    <ClCompile Include="FLComboBox.cpp">
      <Filter>Source</Filter>
    </ClCompile>
    <ClCompile Include="FLDialog.cpp">
      <Filter>Source</Filter>
    </ClCompile>
    <ClCompile Include="FLListView.cpp">
      <Filter>Source</Filter>
    </ClCompile>
    <ClCompile Include="FLUIMessageLoop.cpp">
      <Filter>Source</Filter>
    </ClCompile>
  </ItemGroup>
  <ItemGroup>
    <ClInclude Include="FLCmdOption.h">
      <Filter>Header</Filter>
    </ClInclude>
    <ClInclude Include="FLComboBox.h">
      <Filter>Header</Filter>
    </ClInclude>
    <ClInclude Include="FLDialog.h">
      <Filter>Header</Filter>
    </ClInclude>
    <ClInclude Include="FLListView.h">
      <Filter>Header</Filter>
    </ClInclude>
    <ClInclude Include="FLUICommon.h">
      <Filter>Header</Filter>
    </ClInclude>
    <ClInclude Include="FLUIMessageLoop.h">
      <Filter>Header</Filter>
    </ClInclude>
  </ItemGroup>
</Project>